// !$*UTF8*$!
{
	archiveVersion = 1;
	classes = {
	};
	objectVersion = 46;
	objects = {

/* Begin PBXBuildFile section */
		7584F0731EA893470042679B /* main.cpp in Sources */ = {isa = PBXBuildFile; fileRef = 7584F0721EA893470042679B /* main.cpp */; };
		7584F07B1EA8944F0042679B /* libtaulop.a in Frameworks */ = {isa = PBXBuildFile; fileRef = 7584F07A1EA8944F0042679B /* libtaulop.a */; };
/* End PBXBuildFile section */

/* Begin PBXCopyFilesBuildPhase section */
		7584F06D1EA893470042679B /* CopyFiles */ = {
			isa = PBXCopyFilesBuildPhase;
			buildActionMask = 2147483647;
			dstPath = /usr/share/man/man1/;
			dstSubfolderSpec = 0;
			files = (
			);
			runOnlyForDeploymentPostprocessing = 1;
		};
/* End PBXCopyFilesBuildPhase section */

/* Begin PBXFileReference section */
		7584F06F1EA893470042679B /* test_colls */ = {isa = PBXFileReference; explicitFileType = "compiled.mach-o.executable"; includeInIndex = 0; path = test_colls; sourceTree = BUILT_PRODUCTS_DIR; };
		7584F0721EA893470042679B /* main.cpp */ = {isa = PBXFileReference; lastKnownFileType = sourcecode.cpp.cpp; path = main.cpp; sourceTree = "<group>"; };
		7584F07A1EA8944F0042679B /* libtaulop.a */ = {isa = PBXFileReference; lastKnownFileType = archive.ar; name = libtaulop.a; path = ../../taulop/build/Debug/libtaulop.a; sourceTree = "<group>"; };
/* End PBXFileReference section */

/* Begin PBXFrameworksBuildPhase section */
		7584F06C1EA893470042679B /* Frameworks */ = {
			isa = PBXFrameworksBuildPhase;
			buildActionMask = 2147483647;
			files = (
				7584F07B1EA8944F0042679B /* libtaulop.a in Frameworks */,
			);
			runOnlyForDeploymentPostprocessing = 0;
		};
/* End PBXFrameworksBuildPhase section */

/* Begin PBXGroup section */
		7584F0661EA893460042679B = {
			isa = PBXGroup;
			children = (
				7584F0711EA893470042679B /* test_colls */,
				7584F0701EA893470042679B /* Products */,
				7584F0791EA8944F0042679B /* Frameworks */,
			);
			sourceTree = "<group>";
		};
		7584F0701EA893470042679B /* Products */ = {
			isa = PBXGroup;
			children = (
				7584F06F1EA893470042679B /* test_colls */,
			);
			name = Products;
			sourceTree = "<group>";
		};
		7584F0711EA893470042679B /* test_colls */ = {
			isa = PBXGroup;
			children = (
				7584F0721EA893470042679B /* main.cpp */,
			);
			path = test_colls;
			sourceTree = "<group>";
		};
		7584F0791EA8944F0042679B /* Frameworks */ = {
			isa = PBXGroup;
			children = (
				7584F07A1EA8944F0042679B /* libtaulop.a */,
			);
			name = Frameworks;
			sourceTree = "<group>";
		};
/* End PBXGroup section */

/* Begin PBXNativeTarget section */
		7584F06E1EA893470042679B /* test_colls */ = {
			isa = PBXNativeTarget;
			buildConfigurationList = 7584F0761EA893470042679B /* Build configuration list for PBXNativeTarget "test_colls" */;
			buildPhases = (
				7584F06B1EA893470042679B /* Sources */,
				7584F06C1EA893470042679B /* Frameworks */,
				7584F06D1EA893470042679B /* CopyFiles */,
			);
			buildRules = (
			);
			dependencies = (
			);
			name = test_colls;
			productName = test_colls;
			productReference = 7584F06F1EA893470042679B /* test_colls */;
			productType = "com.apple.product-type.tool";
		};
/* End PBXNativeTarget section */

/* Begin PBXProject section */
		7584F0671EA893460042679B /* Project object */ = {
			isa = PBXProject;
			attributes = {
				LastUpgradeCheck = 0830;
				ORGANIZATIONNAME = jarico;
				TargetAttributes = {
					7584F06E1EA893470042679B = {
						CreatedOnToolsVersion = 8.3.1;
						ProvisioningStyle = Automatic;
					};
				};
			};
			buildConfigurationList = 7584F06A1EA893460042679B /* Build configuration list for PBXProject "test_colls" */;
			compatibilityVersion = "Xcode 3.2";
			developmentRegion = English;
			hasScannedForEncodings = 0;
			knownRegions = (
				en,
			);
			mainGroup = 7584F0661EA893460042679B;
			productRefGroup = 7584F0701EA893470042679B /* Products */;
			projectDirPath = "";
			projectRoot = "";
			targets = (
				7584F06E1EA893470042679B /* test_colls */,
			);
		};
/* End PBXProject section */

/* Begin PBXSourcesBuildPhase section */
		7584F06B1EA893470042679B /* Sources */ = {
			isa = PBXSourcesBuildPhase;
			buildActionMask = 2147483647;
			files = (
				7584F0731EA893470042679B /* main.cpp in Sources */,
			);
			runOnlyForDeploymentPostprocessing = 0;
		};
/* End PBXSourcesBuildPhase section */

/* Begin XCBuildConfiguration section */
		7584F0741EA893470042679B /* Debug */ = {
			isa = XCBuildConfiguration;
			buildSettings = {
				ALWAYS_SEARCH_USER_PATHS = NO;
				CLANG_ANALYZER_NONNULL = YES;
				CLANG_ANALYZER_NUMBER_OBJECT_CONVERSION = YES_AGGRESSIVE;
				CLANG_CXX_LANGUAGE_STANDARD = "gnu++0x";
				CLANG_CXX_LIBRARY = "libc++";
				CLANG_ENABLE_MODULES = YES;
				CLANG_ENABLE_OBJC_ARC = YES;
				CLANG_WARN_BOOL_CONVERSION = YES;
				CLANG_WARN_CONSTANT_CONVERSION = YES;
				CLANG_WARN_DIRECT_OBJC_ISA_USAGE = YES_ERROR;
				CLANG_WARN_DOCUMENTATION_COMMENTS = YES;
				CLANG_WARN_EMPTY_BODY = YES;
				CLANG_WARN_ENUM_CONVERSION = YES;
				CLANG_WARN_INFINITE_RECURSION = YES;
				CLANG_WARN_INT_CONVERSION = YES;
				CLANG_WARN_OBJC_ROOT_CLASS = YES_ERROR;
				CLANG_WARN_SUSPICIOUS_MOVE = YES;
				CLANG_WARN_UNREACHABLE_CODE = YES;
				CLANG_WARN__DUPLICATE_METHOD_MATCH = YES;
				CODE_SIGN_IDENTITY = "-";
				COPY_PHASE_STRIP = NO;
				DEBUG_INFORMATION_FORMAT = dwarf;
				ENABLE_STRICT_OBJC_MSGSEND = YES;
				ENABLE_TESTABILITY = YES;
				GCC_C_LANGUAGE_STANDARD = gnu99;
				GCC_DYNAMIC_NO_PIC = NO;
				GCC_NO_COMMON_BLOCKS = YES;
				GCC_OPTIMIZATION_LEVEL = 0;
				GCC_PREPROCESSOR_DEFINITIONS = (
					"DEBUG=1",
					"$(inherited)",
				);
				GCC_WARN_64_TO_32_BIT_CONVERSION = YES;
				GCC_WARN_ABOUT_RETURN_TYPE = YES_ERROR;
				GCC_WARN_UNDECLARED_SELECTOR = YES;
				GCC_WARN_UNINITIALIZED_AUTOS = YES_AGGRESSIVE;
				GCC_WARN_UNUSED_FUNCTION = YES;
				GCC_WARN_UNUSED_VARIABLE = YES;
				MACOSX_DEPLOYMENT_TARGET = 10.12;
				MTL_ENABLE_DEBUG_INFO = YES;
				ONLY_ACTIVE_ARCH = YES;
				SDKROOT = macosx;
			};
			name = Debug;
		};
		7584F0751EA893470042679B /* Release */ = {
			isa = XCBuildConfiguration;
			buildSettings = {
				ALWAYS_SEARCH_USER_PATHS = NO;
				CLANG_ANALYZER_NONNULL = YES;
				CLANG_ANALYZER_NUMBER_OBJECT_CONVERSION = YES_AGGRESSIVE;
				CLANG_CXX_LANGUAGE_STANDARD = "gnu++0x";
				CLANG_CXX_LIBRARY = "libc++";
				CLANG_ENABLE_MODULES = YES;
				CLANG_ENABLE_OBJC_ARC = YES;
				CLANG_WARN_BOOL_CONVERSION = YES;
				CLANG_WARN_CONSTANT_CONVERSION = YES;
				CLANG_WARN_DIRECT_OBJC_ISA_USAGE = YES_ERROR;
				CLANG_WARN_DOCUMENTATION_COMMENTS = YES;
				CLANG_WARN_EMPTY_BODY = YES;
				CLANG_WARN_ENUM_CONVERSION = YES;
				CLANG_WARN_INFINITE_RECURSION = YES;
				CLANG_WARN_INT_CONVERSION = YES;
				CLANG_WARN_OBJC_ROOT_CLASS = YES_ERROR;
				CLANG_WARN_SUSPICIOUS_MOVE = YES;
				CLANG_WARN_UNREACHABLE_CODE = YES;
				CLANG_WARN__DUPLICATE_METHOD_MATCH = YES;
				CODE_SIGN_IDENTITY = "-";
				COPY_PHASE_STRIP = NO;
				DEBUG_INFORMATION_FORMAT = "dwarf-with-dsym";
				ENABLE_NS_ASSERTIONS = NO;
				ENABLE_STRICT_OBJC_MSGSEND = YES;
				GCC_C_LANGUAGE_STANDARD = gnu99;
				GCC_NO_COMMON_BLOCKS = YES;
				GCC_WARN_64_TO_32_BIT_CONVERSION = YES;
				GCC_WARN_ABOUT_RETURN_TYPE = YES_ERROR;
				GCC_WARN_UNDECLARED_SELECTOR = YES;
				GCC_WARN_UNINITIALIZED_AUTOS = YES_AGGRESSIVE;
				GCC_WARN_UNUSED_FUNCTION = YES;
				GCC_WARN_UNUSED_VARIABLE = YES;
				MACOSX_DEPLOYMENT_TARGET = 10.12;
				MTL_ENABLE_DEBUG_INFO = NO;
				SDKROOT = macosx;
			};
			name = Release;
		};
		7584F0771EA893470042679B /* Debug */ = {
			isa = XCBuildConfiguration;
			buildSettings = {
				HEADER_SEARCH_PATHS = (
					"/Users/jarico/Google\\ Drive/code_tau_lop/taulop_code/taulop/kernel",
					"/Users/jarico/Google\\ Drive/code_tau_lop/taulop_code/taulop/colls",
				);
				LIBRARY_SEARCH_PATHS = "/Users/jarico/Google\\ Drive/code_tau_lop/taulop_code/taulop/build/Debug";
				PRODUCT_NAME = "$(TARGET_NAME)";
			};
			name = Debug;
		};
		7584F0781EA893470042679B /* Release */ = {
			isa = XCBuildConfiguration;
			buildSettings = {
				HEADER_SEARCH_PATHS = (
					"/Users/jarico/Google\\ Drive/code_tau_lop/taulop_code/taulop/kernel",
					"/Users/jarico/Google\\ Drive/code_tau_lop/taulop_code/taulop/colls",
				);
				LIBRARY_SEARCH_PATHS = "/Users/jarico/Google\\ Drive/code_tau_lop/taulop_code/taulop/build/Debug";
				PRODUCT_NAME = "$(TARGET_NAME)";
			};
			name = Release;
		};
/* End XCBuildConfiguration section */

/* Begin XCConfigurationList section */
		7584F06A1EA893460042679B /* Build configuration list for PBXProject "test_colls" */ = {
			isa = XCConfigurationList;
			buildConfigurations = (
				7584F0741EA893470042679B /* Debug */,
				7584F0751EA893470042679B /* Release */,
			);
			defaultConfigurationIsVisible = 0;
			defaultConfigurationName = Release;
		};
		7584F0761EA893470042679B /* Build configuration list for PBXNativeTarget "test_colls" */ = {
			isa = XCConfigurationList;
			buildConfigurations = (
				7584F0771EA893470042679B /* Debug */,
				7584F0781EA893470042679B /* Release */,
			);
			defaultConfigurationIsVisible = 0;
		};
/* End XCConfigurationList section */
	};
	rootObject = 7584F0671EA893460042679B /* Project object */;
}
