// !$*UTF8*$!
{
	archiveVersion = 1;
	classes = {
	};
	objectVersion = 46;
	objects = {

/* Begin PBXBuildFile section */
		7580F73E1EA91122006BB83D /* libtaulop.a in Frameworks */ = {isa = PBXBuildFile; fileRef = 7580F73D1EA91087006BB83D /* libtaulop.a */; };
		7584F0381EA88EC00042679B /* main.cpp in Sources */ = {isa = PBXBuildFile; fileRef = 7584F0371EA88EC00042679B /* main.cpp */; };
/* End PBXBuildFile section */

/* Begin PBXContainerItemProxy section */
		7580F73C1EA91087006BB83D /* PBXContainerItemProxy */ = {
			isa = PBXContainerItemProxy;
			containerPortal = 7580F7381EA91086006BB83D /* taulop.xcodeproj */;
			proxyType = 2;
			remoteGlobalIDString = 75E6D6081DDB864F0057A699;
			remoteInfo = taulop;
		};
/* End PBXContainerItemProxy section */

/* Begin PBXCopyFilesBuildPhase section */
		7584F0321EA88EC00042679B /* CopyFiles */ = {
			isa = PBXCopyFilesBuildPhase;
			buildActionMask = 2147483647;
			dstPath = /usr/share/man/man1/;
			dstSubfolderSpec = 0;
			files = (
			);
			runOnlyForDeploymentPostprocessing = 1;
		};
/* End PBXCopyFilesBuildPhase section */

/* Begin PBXFileReference section */
		7580F7381EA91086006BB83D /* taulop.xcodeproj */ = {isa = PBXFileReference; lastKnownFileType = "wrapper.pb-project"; name = taulop.xcodeproj; path = ../../taulop/taulop.xcodeproj; sourceTree = "<group>"; };
		7584F0341EA88EC00042679B /* NBody */ = {isa = PBXFileReference; explicitFileType = "compiled.mach-o.executable"; includeInIndex = 0; path = NBody; sourceTree = BUILT_PRODUCTS_DIR; };
		7584F0371EA88EC00042679B /* main.cpp */ = {isa = PBXFileReference; lastKnownFileType = sourcecode.cpp.cpp; path = main.cpp; sourceTree = "<group>"; };
/* End PBXFileReference section */

/* Begin PBXFrameworksBuildPhase section */
		7584F0311EA88EC00042679B /* Frameworks */ = {
			isa = PBXFrameworksBuildPhase;
			buildActionMask = 2147483647;
			files = (
				7580F73E1EA91122006BB83D /* libtaulop.a in Frameworks */,
			);
			runOnlyForDeploymentPostprocessing = 0;
		};
/* End PBXFrameworksBuildPhase section */

/* Begin PBXGroup section */
		7580F7371EA91086006BB83D /* Frameworks */ = {
			isa = PBXGroup;
			children = (
				7580F7381EA91086006BB83D /* taulop.xcodeproj */,
			);
			name = Frameworks;
			sourceTree = "<group>";
		};
		7580F7391EA91086006BB83D /* Products */ = {
			isa = PBXGroup;
			children = (
				7580F73D1EA91087006BB83D /* libtaulop.a */,
			);
			name = Products;
			sourceTree = "<group>";
		};
		7584F02B1EA88EC00042679B = {
			isa = PBXGroup;
			children = (
				7584F0361EA88EC00042679B /* NBody */,
				7584F0351EA88EC00042679B /* Products */,
				7580F7371EA91086006BB83D /* Frameworks */,
			);
			sourceTree = "<group>";
		};
		7584F0351EA88EC00042679B /* Products */ = {
			isa = PBXGroup;
			children = (
				7584F0341EA88EC00042679B /* NBody */,
			);
			name = Products;
			sourceTree = "<group>";
		};
		7584F0361EA88EC00042679B /* NBody */ = {
			isa = PBXGroup;
			children = (
				7584F0371EA88EC00042679B /* main.cpp */,
			);
			path = NBody;
			sourceTree = "<group>";
		};
/* End PBXGroup section */

/* Begin PBXNativeTarget section */
		7584F0331EA88EC00042679B /* NBody */ = {
			isa = PBXNativeTarget;
			buildConfigurationList = 7584F03B1EA88EC00042679B /* Build configuration list for PBXNativeTarget "NBody" */;
			buildPhases = (
				7584F0301EA88EC00042679B /* Sources */,
				7584F0311EA88EC00042679B /* Frameworks */,
				7584F0321EA88EC00042679B /* CopyFiles */,
			);
			buildRules = (
			);
			dependencies = (
			);
			name = NBody;
			productName = NBody;
			productReference = 7584F0341EA88EC00042679B /* NBody */;
			productType = "com.apple.product-type.tool";
		};
/* End PBXNativeTarget section */

/* Begin PBXProject section */
		7584F02C1EA88EC00042679B /* Project object */ = {
			isa = PBXProject;
			attributes = {
				LastUpgradeCheck = 0830;
				ORGANIZATIONNAME = jarico;
				TargetAttributes = {
					7584F0331EA88EC00042679B = {
						CreatedOnToolsVersion = 8.3.1;
						ProvisioningStyle = Automatic;
					};
				};
			};
			buildConfigurationList = 7584F02F1EA88EC00042679B /* Build configuration list for PBXProject "NBody" */;
			compatibilityVersion = "Xcode 3.2";
			developmentRegion = English;
			hasScannedForEncodings = 0;
			knownRegions = (
				en,
			);
			mainGroup = 7584F02B1EA88EC00042679B;
			productRefGroup = 7584F0351EA88EC00042679B /* Products */;
			projectDirPath = "";
			projectReferences = (
				{
					ProductGroup = 7580F7391EA91086006BB83D /* Products */;
					ProjectRef = 7580F7381EA91086006BB83D /* taulop.xcodeproj */;
				},
			);
			projectRoot = "";
			targets = (
				7584F0331EA88EC00042679B /* NBody */,
			);
		};
/* End PBXProject section */

/* Begin PBXReferenceProxy section */
		7580F73D1EA91087006BB83D /* libtaulop.a */ = {
			isa = PBXReferenceProxy;
			fileType = archive.ar;
			path = libtaulop.a;
			remoteRef = 7580F73C1EA91087006BB83D /* PBXContainerItemProxy */;
			sourceTree = BUILT_PRODUCTS_DIR;
		};
/* End PBXReferenceProxy section */

/* Begin PBXSourcesBuildPhase section */
		7584F0301EA88EC00042679B /* Sources */ = {
			isa = PBXSourcesBuildPhase;
			buildActionMask = 2147483647;
			files = (
				7584F0381EA88EC00042679B /* main.cpp in Sources */,
			);
			runOnlyForDeploymentPostprocessing = 0;
		};
/* End PBXSourcesBuildPhase section */

/* Begin XCBuildConfiguration section */
		7584F0391EA88EC00042679B /* Debug */ = {
			isa = XCBuildConfiguration;
			buildSettings = {
				ALWAYS_SEARCH_USER_PATHS = NO;
				CLANG_ANALYZER_NONNULL = YES;
				CLANG_ANALYZER_NUMBER_OBJECT_CONVERSION = YES_AGGRESSIVE;
				CLANG_CXX_LANGUAGE_STANDARD = "gnu++0x";
				CLANG_CXX_LIBRARY = "libc++";
				CLANG_ENABLE_MODULES = YES;
				CLANG_ENABLE_OBJC_ARC = YES;
				CLANG_WARN_BOOL_CONVERSION = YES;
				CLANG_WARN_CONSTANT_CONVERSION = YES;
				CLANG_WARN_DIRECT_OBJC_ISA_USAGE = YES_ERROR;
				CLANG_WARN_DOCUMENTATION_COMMENTS = YES;
				CLANG_WARN_EMPTY_BODY = YES;
				CLANG_WARN_ENUM_CONVERSION = YES;
				CLANG_WARN_INFINITE_RECURSION = YES;
				CLANG_WARN_INT_CONVERSION = YES;
				CLANG_WARN_OBJC_ROOT_CLASS = YES_ERROR;
				CLANG_WARN_SUSPICIOUS_MOVE = YES;
				CLANG_WARN_UNREACHABLE_CODE = YES;
				CLANG_WARN__DUPLICATE_METHOD_MATCH = YES;
				CODE_SIGN_IDENTITY = "-";
				COPY_PHASE_STRIP = NO;
				DEBUG_INFORMATION_FORMAT = dwarf;
				ENABLE_STRICT_OBJC_MSGSEND = YES;
				ENABLE_TESTABILITY = YES;
				GCC_C_LANGUAGE_STANDARD = gnu99;
				GCC_DYNAMIC_NO_PIC = NO;
				GCC_NO_COMMON_BLOCKS = YES;
				GCC_OPTIMIZATION_LEVEL = 0;
				GCC_PREPROCESSOR_DEFINITIONS = (
					"DEBUG=1",
					"$(inherited)",
				);
				GCC_WARN_64_TO_32_BIT_CONVERSION = YES;
				GCC_WARN_ABOUT_RETURN_TYPE = YES_ERROR;
				GCC_WARN_UNDECLARED_SELECTOR = YES;
				GCC_WARN_UNINITIALIZED_AUTOS = YES_AGGRESSIVE;
				GCC_WARN_UNUSED_FUNCTION = YES;
				GCC_WARN_UNUSED_VARIABLE = YES;
				MACOSX_DEPLOYMENT_TARGET = 10.12;
				MTL_ENABLE_DEBUG_INFO = YES;
				ONLY_ACTIVE_ARCH = YES;
				SDKROOT = macosx;
			};
			name = Debug;
		};
		7584F03A1EA88EC00042679B /* Release */ = {
			isa = XCBuildConfiguration;
			buildSettings = {
				ALWAYS_SEARCH_USER_PATHS = NO;
				CLANG_ANALYZER_NONNULL = YES;
				CLANG_ANALYZER_NUMBER_OBJECT_CONVERSION = YES_AGGRESSIVE;
				CLANG_CXX_LANGUAGE_STANDARD = "gnu++0x";
				CLANG_CXX_LIBRARY = "libc++";
				CLANG_ENABLE_MODULES = YES;
				CLANG_ENABLE_OBJC_ARC = YES;
				CLANG_WARN_BOOL_CONVERSION = YES;
				CLANG_WARN_CONSTANT_CONVERSION = YES;
				CLANG_WARN_DIRECT_OBJC_ISA_USAGE = YES_ERROR;
				CLANG_WARN_DOCUMENTATION_COMMENTS = YES;
				CLANG_WARN_EMPTY_BODY = YES;
				CLANG_WARN_ENUM_CONVERSION = YES;
				CLANG_WARN_INFINITE_RECURSION = YES;
				CLANG_WARN_INT_CONVERSION = YES;
				CLANG_WARN_OBJC_ROOT_CLASS = YES_ERROR;
				CLANG_WARN_SUSPICIOUS_MOVE = YES;
				CLANG_WARN_UNREACHABLE_CODE = YES;
				CLANG_WARN__DUPLICATE_METHOD_MATCH = YES;
				CODE_SIGN_IDENTITY = "-";
				COPY_PHASE_STRIP = NO;
				DEBUG_INFORMATION_FORMAT = "dwarf-with-dsym";
				ENABLE_NS_ASSERTIONS = NO;
				ENABLE_STRICT_OBJC_MSGSEND = YES;
				GCC_C_LANGUAGE_STANDARD = gnu99;
				GCC_NO_COMMON_BLOCKS = YES;
				GCC_WARN_64_TO_32_BIT_CONVERSION = YES;
				GCC_WARN_ABOUT_RETURN_TYPE = YES_ERROR;
				GCC_WARN_UNDECLARED_SELECTOR = YES;
				GCC_WARN_UNINITIALIZED_AUTOS = YES_AGGRESSIVE;
				GCC_WARN_UNUSED_FUNCTION = YES;
				GCC_WARN_UNUSED_VARIABLE = YES;
				MACOSX_DEPLOYMENT_TARGET = 10.12;
				MTL_ENABLE_DEBUG_INFO = NO;
				SDKROOT = macosx;
			};
			name = Release;
		};
		7584F03C1EA88EC00042679B /* Debug */ = {
			isa = XCBuildConfiguration;
			buildSettings = {
				HEADER_SEARCH_PATHS = (
					"/Users/jarico/Google\\ Drive/code_tau_lop/taulop_code/taulop/kernel",
					"/Users/jarico/Google\\ Drive/code_tau_lop/taulop_code/taulop/colls",
				);
				LIBRARY_SEARCH_PATHS = "/Users/jarico/Google\\ Drive/code_tau_lop/taulop_code/taulop/build/Debug";
				MACOSX_DEPLOYMENT_TARGET = 10.11;
				OTHER_LDFLAGS = "-v";
				PRODUCT_NAME = "$(TARGET_NAME)";
			};
			name = Debug;
		};
		7584F03D1EA88EC00042679B /* Release */ = {
			isa = XCBuildConfiguration;
			buildSettings = {
				HEADER_SEARCH_PATHS = (
					"/Users/jarico/Google\\ Drive/code_tau_lop/taulop_code/taulop/kernel",
					"/Users/jarico/Google\\ Drive/code_tau_lop/taulop_code/taulop/colls",
				);
				LIBRARY_SEARCH_PATHS = "/Users/jarico/Google\\ Drive/code_tau_lop/taulop_code/taulop/build/Debug";
				MACOSX_DEPLOYMENT_TARGET = 10.11;
				OTHER_LDFLAGS = "-v";
				PRODUCT_NAME = "$(TARGET_NAME)";
			};
			name = Release;
		};
/* End XCBuildConfiguration section */

/* Begin XCConfigurationList section */
		7584F02F1EA88EC00042679B /* Build configuration list for PBXProject "NBody" */ = {
			isa = XCConfigurationList;
			buildConfigurations = (
				7584F0391EA88EC00042679B /* Debug */,
				7584F03A1EA88EC00042679B /* Release */,
			);
			defaultConfigurationIsVisible = 0;
			defaultConfigurationName = Release;
		};
		7584F03B1EA88EC00042679B /* Build configuration list for PBXNativeTarget "NBody" */ = {
			isa = XCConfigurationList;
			buildConfigurations = (
				7584F03C1EA88EC00042679B /* Debug */,
				7584F03D1EA88EC00042679B /* Release */,
			);
			defaultConfigurationIsVisible = 0;
			defaultConfigurationName = Release;
		};
/* End XCConfigurationList section */
	};
	rootObject = 7584F02C1EA88EC00042679B /* Project object */;
}
