// !$*UTF8*$!
{
	archiveVersion = 1;
	classes = {
	};
	objectVersion = 46;
	objects = {

/* Begin PBXBuildFile section */
		7501F2711F9E3C33004D73D9 /* main_post.cpp in Sources */ = {isa = PBXBuildFile; fileRef = 7501F2701F9E3C33004D73D9 /* main_post.cpp */; };
		7544FAE81F14CC40005A0379 /* main_cost.cpp in Sources */ = {isa = PBXBuildFile; fileRef = 7544FAE61F14CC40005A0379 /* main_cost.cpp */; };
		7544FAE91F14CC40005A0379 /* main_malik.cpp in Sources */ = {isa = PBXBuildFile; fileRef = 7544FAE71F14CC40005A0379 /* main_malik.cpp */; };
		75A920161FB43DD10069CB3B /* main_W2D_comb.cpp in Sources */ = {isa = PBXBuildFile; fileRef = 75A920141FB43DD00069CB3B /* main_W2D_comb.cpp */; };
		75A920171FB43DD10069CB3B /* main_MxM_comb.cpp in Sources */ = {isa = PBXBuildFile; fileRef = 75A920151FB43DD10069CB3B /* main_MxM_comb.cpp */; };
		75C3FE541EE16DF200D9C004 /* algorithm_W1D.cpp in Sources */ = {isa = PBXBuildFile; fileRef = 75C3FE511EE16DF200D9C004 /* algorithm_W1D.cpp */; };
		75C3FE551EE16DF200D9C004 /* main_W1D.cpp in Sources */ = {isa = PBXBuildFile; fileRef = 75C3FE521EE16DF200D9C004 /* main_W1D.cpp */; };
		75E086F61E3B384B00BF49A3 /* main_W2D.cpp in Sources */ = {isa = PBXBuildFile; fileRef = 75E086F51E3B384B00BF49A3 /* main_W2D.cpp */; };
		75E086F81E3B38B100BF49A3 /* main_predict.cpp in Sources */ = {isa = PBXBuildFile; fileRef = 75E086F71E3B38B100BF49A3 /* main_predict.cpp */; };
		75E086FB1E3B3B1F00BF49A3 /* algorithm_W2D.cpp in Sources */ = {isa = PBXBuildFile; fileRef = 75E086F91E3B3B1F00BF49A3 /* algorithm_W2D.cpp */; };
		75E6D5A61DDB792C0057A699 /* algorithm_basic.cpp in Sources */ = {isa = PBXBuildFile; fileRef = 75E6D57A1DDB792C0057A699 /* algorithm_basic.cpp */; };
		75E6D5A71DDB792C0057A699 /* algorithm_half_perimeter.cpp in Sources */ = {isa = PBXBuildFile; fileRef = 75E6D57C1DDB792C0057A699 /* algorithm_half_perimeter.cpp */; };
		75E6D5A81DDB792C0057A699 /* algorithm_malik.cpp in Sources */ = {isa = PBXBuildFile; fileRef = 75E6D57E1DDB792C0057A699 /* algorithm_malik.cpp */; };
		75E6D5AB1DDB792C0057A699 /* algorithm_taulop_pbc.cpp in Sources */ = {isa = PBXBuildFile; fileRef = 75E6D5841DDB792C0057A699 /* algorithm_taulop_pbc.cpp */; };
		75E6D5AC1DDB792C0057A699 /* algorithm_taulop_pbr.cpp in Sources */ = {isa = PBXBuildFile; fileRef = 75E6D5861DDB792C0057A699 /* algorithm_taulop_pbr.cpp */; };
		75E6D5AD1DDB792C0057A699 /* algorithm_MxM.cpp in Sources */ = {isa = PBXBuildFile; fileRef = 75E6D5881DDB792C0057A699 /* algorithm_MxM.cpp */; };
		75E6D5AE1DDB792C0057A699 /* algorithm.cpp in Sources */ = {isa = PBXBuildFile; fileRef = 75E6D58A1DDB792C0057A699 /* algorithm.cpp */; };
		75E6D5AF1DDB792C0057A699 /* arrangement.cpp in Sources */ = {isa = PBXBuildFile; fileRef = 75E6D58C1DDB792C0057A699 /* arrangement.cpp */; };
		75E6D5B01DDB792C0057A699 /* column.cpp in Sources */ = {isa = PBXBuildFile; fileRef = 75E6D58F1DDB792C0057A699 /* column.cpp */; };
		75E6D5B11DDB792C0057A699 /* heuristic_beaumont_mod.cpp in Sources */ = {isa = PBXBuildFile; fileRef = 75E6D5911DDB792C0057A699 /* heuristic_beaumont_mod.cpp */; };
		75E6D5B21DDB792C0057A699 /* heuristic_beaumont.cpp in Sources */ = {isa = PBXBuildFile; fileRef = 75E6D5931DDB792C0057A699 /* heuristic_beaumont.cpp */; };
		75E6D5B31DDB792C0057A699 /* heuristic_combinatorial.cpp in Sources */ = {isa = PBXBuildFile; fileRef = 75E6D5951DDB792C0057A699 /* heuristic_combinatorial.cpp */; };
		75E6D5B41DDB792C0057A699 /* heuristic_malik.cpp in Sources */ = {isa = PBXBuildFile; fileRef = 75E6D5971DDB792C0057A699 /* heuristic_malik.cpp */; };
		75E6D5B51DDB792C0057A699 /* heuristic.cpp in Sources */ = {isa = PBXBuildFile; fileRef = 75E6D5991DDB792C0057A699 /* heuristic.cpp */; };
		75E6D5B61DDB792C0057A699 /* main_beaumont.cpp in Sources */ = {isa = PBXBuildFile; fileRef = 75E6D59C1DDB792C0057A699 /* main_beaumont.cpp */; };
		75E6D5BA1DDB792C0057A699 /* matrix.cpp in Sources */ = {isa = PBXBuildFile; fileRef = 75E6D5A11DDB792C0057A699 /* matrix.cpp */; };
		75E6D5BB1DDB792C0057A699 /* rectangle.cpp in Sources */ = {isa = PBXBuildFile; fileRef = 75E6D5A41DDB792C0057A699 /* rectangle.cpp */; };
		75E94F331FEE7B6300A1CCB3 /* libtaulop.a in Frameworks */ = {isa = PBXBuildFile; fileRef = 75E94F321FEE7B5800A1CCB3 /* libtaulop.a */; };
		75E94F371FF51F3900A1CCB3 /* main_rearrange.cpp in Sources */ = {isa = PBXBuildFile; fileRef = 75E94F361FF51F3900A1CCB3 /* main_rearrange.cpp */; };
/* End PBXBuildFile section */

/* Begin PBXContainerItemProxy section */
		75E94F311FEE7B5800A1CCB3 /* PBXContainerItemProxy */ = {
			isa = PBXContainerItemProxy;
			containerPortal = 75E94F2D1FEE7B5800A1CCB3 /* taulop.xcodeproj */;
			proxyType = 2;
			remoteGlobalIDString = 75E6D6081DDB864F0057A699;
			remoteInfo = taulop;
		};
/* End PBXContainerItemProxy section */

/* Begin PBXCopyFilesBuildPhase section */
		75E6D56E1DDB78EF0057A699 /* CopyFiles */ = {
			isa = PBXCopyFilesBuildPhase;
			buildActionMask = 2147483647;
			dstPath = /usr/share/man/man1/;
			dstSubfolderSpec = 0;
			files = (
			);
			runOnlyForDeploymentPostprocessing = 1;
		};
/* End PBXCopyFilesBuildPhase section */

/* Begin PBXFileReference section */
		7501F2701F9E3C33004D73D9 /* main_post.cpp */ = {isa = PBXFileReference; fileEncoding = 4; lastKnownFileType = sourcecode.cpp.cpp; name = main_post.cpp; path = taulop_user/main_post.cpp; sourceTree = "<group>"; };
		7544FAE61F14CC40005A0379 /* main_cost.cpp */ = {isa = PBXFileReference; fileEncoding = 4; lastKnownFileType = sourcecode.cpp.cpp; name = main_cost.cpp; path = taulop_user/main_cost.cpp; sourceTree = "<group>"; };
		7544FAE71F14CC40005A0379 /* main_malik.cpp */ = {isa = PBXFileReference; fileEncoding = 4; lastKnownFileType = sourcecode.cpp.cpp; name = main_malik.cpp; path = taulop_user/main_malik.cpp; sourceTree = "<group>"; };
		75A920141FB43DD00069CB3B /* main_W2D_comb.cpp */ = {isa = PBXFileReference; fileEncoding = 4; lastKnownFileType = sourcecode.cpp.cpp; name = main_W2D_comb.cpp; path = taulop_user/main_W2D_comb.cpp; sourceTree = "<group>"; };
		75A920151FB43DD10069CB3B /* main_MxM_comb.cpp */ = {isa = PBXFileReference; fileEncoding = 4; lastKnownFileType = sourcecode.cpp.cpp; name = main_MxM_comb.cpp; path = taulop_user/main_MxM_comb.cpp; sourceTree = "<group>"; };
		75C3FE511EE16DF200D9C004 /* algorithm_W1D.cpp */ = {isa = PBXFileReference; fileEncoding = 4; lastKnownFileType = sourcecode.cpp.cpp; name = algorithm_W1D.cpp; path = taulop_user/algorithm_W1D.cpp; sourceTree = "<group>"; };
		75C3FE521EE16DF200D9C004 /* main_W1D.cpp */ = {isa = PBXFileReference; fileEncoding = 4; lastKnownFileType = sourcecode.cpp.cpp; name = main_W1D.cpp; path = taulop_user/main_W1D.cpp; sourceTree = "<group>"; };
		75C3FE531EE16DF200D9C004 /* algorithm_W1D.hpp */ = {isa = PBXFileReference; fileEncoding = 4; lastKnownFileType = sourcecode.cpp.h; name = algorithm_W1D.hpp; path = taulop_user/algorithm_W1D.hpp; sourceTree = "<group>"; };
		75E086F51E3B384B00BF49A3 /* main_W2D.cpp */ = {isa = PBXFileReference; fileEncoding = 4; lastKnownFileType = sourcecode.cpp.cpp; name = main_W2D.cpp; path = taulop_user/main_W2D.cpp; sourceTree = "<group>"; };
		75E086F71E3B38B100BF49A3 /* main_predict.cpp */ = {isa = PBXFileReference; fileEncoding = 4; lastKnownFileType = sourcecode.cpp.cpp; name = main_predict.cpp; path = taulop_user/main_predict.cpp; sourceTree = "<group>"; };
		75E086F91E3B3B1F00BF49A3 /* algorithm_W2D.cpp */ = {isa = PBXFileReference; fileEncoding = 4; lastKnownFileType = sourcecode.cpp.cpp; name = algorithm_W2D.cpp; path = taulop_user/algorithm_W2D.cpp; sourceTree = "<group>"; };
		75E086FA1E3B3B1F00BF49A3 /* algorithm_W2D.hpp */ = {isa = PBXFileReference; fileEncoding = 4; lastKnownFileType = sourcecode.cpp.h; name = algorithm_W2D.hpp; path = taulop_user/algorithm_W2D.hpp; sourceTree = "<group>"; };
		75E6D5701DDB78EF0057A699 /* taulop_user */ = {isa = PBXFileReference; explicitFileType = "compiled.mach-o.executable"; includeInIndex = 0; path = taulop_user; sourceTree = BUILT_PRODUCTS_DIR; };
		75E6D57A1DDB792C0057A699 /* algorithm_basic.cpp */ = {isa = PBXFileReference; fileEncoding = 4; lastKnownFileType = sourcecode.cpp.cpp; name = algorithm_basic.cpp; path = taulop_user/algorithm_basic.cpp; sourceTree = "<group>"; };
		75E6D57B1DDB792C0057A699 /* algorithm_basic.hpp */ = {isa = PBXFileReference; fileEncoding = 4; lastKnownFileType = sourcecode.cpp.h; name = algorithm_basic.hpp; path = taulop_user/algorithm_basic.hpp; sourceTree = "<group>"; };
		75E6D57C1DDB792C0057A699 /* algorithm_half_perimeter.cpp */ = {isa = PBXFileReference; fileEncoding = 4; lastKnownFileType = sourcecode.cpp.cpp; name = algorithm_half_perimeter.cpp; path = taulop_user/algorithm_half_perimeter.cpp; sourceTree = "<group>"; };
		75E6D57D1DDB792C0057A699 /* algorithm_half_perimeter.hpp */ = {isa = PBXFileReference; fileEncoding = 4; lastKnownFileType = sourcecode.cpp.h; name = algorithm_half_perimeter.hpp; path = taulop_user/algorithm_half_perimeter.hpp; sourceTree = "<group>"; };
		75E6D57E1DDB792C0057A699 /* algorithm_malik.cpp */ = {isa = PBXFileReference; fileEncoding = 4; lastKnownFileType = sourcecode.cpp.cpp; name = algorithm_malik.cpp; path = taulop_user/algorithm_malik.cpp; sourceTree = "<group>"; };
		75E6D57F1DDB792C0057A699 /* algorithm_malik.hpp */ = {isa = PBXFileReference; fileEncoding = 4; lastKnownFileType = sourcecode.cpp.h; name = algorithm_malik.hpp; path = taulop_user/algorithm_malik.hpp; sourceTree = "<group>"; };
		75E6D5841DDB792C0057A699 /* algorithm_taulop_pbc.cpp */ = {isa = PBXFileReference; fileEncoding = 4; lastKnownFileType = sourcecode.cpp.cpp; name = algorithm_taulop_pbc.cpp; path = taulop_user/algorithm_taulop_pbc.cpp; sourceTree = "<group>"; };
		75E6D5851DDB792C0057A699 /* algorithm_taulop_pbc.hpp */ = {isa = PBXFileReference; fileEncoding = 4; lastKnownFileType = sourcecode.cpp.h; name = algorithm_taulop_pbc.hpp; path = taulop_user/algorithm_taulop_pbc.hpp; sourceTree = "<group>"; };
		75E6D5861DDB792C0057A699 /* algorithm_taulop_pbr.cpp */ = {isa = PBXFileReference; fileEncoding = 4; lastKnownFileType = sourcecode.cpp.cpp; name = algorithm_taulop_pbr.cpp; path = taulop_user/algorithm_taulop_pbr.cpp; sourceTree = "<group>"; };
		75E6D5871DDB792C0057A699 /* algorithm_taulop_pbr.hpp */ = {isa = PBXFileReference; fileEncoding = 4; lastKnownFileType = sourcecode.cpp.h; name = algorithm_taulop_pbr.hpp; path = taulop_user/algorithm_taulop_pbr.hpp; sourceTree = "<group>"; };
		75E6D5881DDB792C0057A699 /* algorithm_MxM.cpp */ = {isa = PBXFileReference; fileEncoding = 4; lastKnownFileType = sourcecode.cpp.cpp; name = algorithm_MxM.cpp; path = taulop_user/algorithm_MxM.cpp; sourceTree = "<group>"; };
		75E6D5891DDB792C0057A699 /* algorithm_MxM.hpp */ = {isa = PBXFileReference; fileEncoding = 4; lastKnownFileType = sourcecode.cpp.h; name = algorithm_MxM.hpp; path = taulop_user/algorithm_MxM.hpp; sourceTree = "<group>"; };
		75E6D58A1DDB792C0057A699 /* algorithm.cpp */ = {isa = PBXFileReference; fileEncoding = 4; lastKnownFileType = sourcecode.cpp.cpp; name = algorithm.cpp; path = taulop_user/algorithm.cpp; sourceTree = "<group>"; };
		75E6D58B1DDB792C0057A699 /* algorithm.hpp */ = {isa = PBXFileReference; fileEncoding = 4; lastKnownFileType = sourcecode.cpp.h; name = algorithm.hpp; path = taulop_user/algorithm.hpp; sourceTree = "<group>"; };
		75E6D58C1DDB792C0057A699 /* arrangement.cpp */ = {isa = PBXFileReference; fileEncoding = 4; lastKnownFileType = sourcecode.cpp.cpp; name = arrangement.cpp; path = taulop_user/arrangement.cpp; sourceTree = "<group>"; };
		75E6D58D1DDB792C0057A699 /* arrangement.hpp */ = {isa = PBXFileReference; fileEncoding = 4; lastKnownFileType = sourcecode.cpp.h; name = arrangement.hpp; path = taulop_user/arrangement.hpp; sourceTree = "<group>"; };
		75E6D58F1DDB792C0057A699 /* column.cpp */ = {isa = PBXFileReference; fileEncoding = 4; lastKnownFileType = sourcecode.cpp.cpp; name = column.cpp; path = taulop_user/column.cpp; sourceTree = "<group>"; };
		75E6D5901DDB792C0057A699 /* column.hpp */ = {isa = PBXFileReference; fileEncoding = 4; lastKnownFileType = sourcecode.cpp.h; name = column.hpp; path = taulop_user/column.hpp; sourceTree = "<group>"; };
		75E6D5911DDB792C0057A699 /* heuristic_beaumont_mod.cpp */ = {isa = PBXFileReference; fileEncoding = 4; lastKnownFileType = sourcecode.cpp.cpp; name = heuristic_beaumont_mod.cpp; path = taulop_user/heuristic_beaumont_mod.cpp; sourceTree = "<group>"; };
		75E6D5921DDB792C0057A699 /* heuristic_beaumont_mod.hpp */ = {isa = PBXFileReference; fileEncoding = 4; lastKnownFileType = sourcecode.cpp.h; name = heuristic_beaumont_mod.hpp; path = taulop_user/heuristic_beaumont_mod.hpp; sourceTree = "<group>"; };
		75E6D5931DDB792C0057A699 /* heuristic_beaumont.cpp */ = {isa = PBXFileReference; fileEncoding = 4; lastKnownFileType = sourcecode.cpp.cpp; name = heuristic_beaumont.cpp; path = taulop_user/heuristic_beaumont.cpp; sourceTree = "<group>"; };
		75E6D5941DDB792C0057A699 /* heuristic_beaumont.hpp */ = {isa = PBXFileReference; fileEncoding = 4; lastKnownFileType = sourcecode.cpp.h; name = heuristic_beaumont.hpp; path = taulop_user/heuristic_beaumont.hpp; sourceTree = "<group>"; };
		75E6D5951DDB792C0057A699 /* heuristic_combinatorial.cpp */ = {isa = PBXFileReference; fileEncoding = 4; lastKnownFileType = sourcecode.cpp.cpp; name = heuristic_combinatorial.cpp; path = taulop_user/heuristic_combinatorial.cpp; sourceTree = "<group>"; };
		75E6D5961DDB792C0057A699 /* heuristic_combinatorial.hpp */ = {isa = PBXFileReference; fileEncoding = 4; lastKnownFileType = sourcecode.cpp.h; name = heuristic_combinatorial.hpp; path = taulop_user/heuristic_combinatorial.hpp; sourceTree = "<group>"; };
		75E6D5971DDB792C0057A699 /* heuristic_malik.cpp */ = {isa = PBXFileReference; fileEncoding = 4; lastKnownFileType = sourcecode.cpp.cpp; name = heuristic_malik.cpp; path = taulop_user/heuristic_malik.cpp; sourceTree = "<group>"; };
		75E6D5981DDB792C0057A699 /* heuristic_malik.hpp */ = {isa = PBXFileReference; fileEncoding = 4; lastKnownFileType = sourcecode.cpp.h; name = heuristic_malik.hpp; path = taulop_user/heuristic_malik.hpp; sourceTree = "<group>"; };
		75E6D5991DDB792C0057A699 /* heuristic.cpp */ = {isa = PBXFileReference; fileEncoding = 4; lastKnownFileType = sourcecode.cpp.cpp; name = heuristic.cpp; path = taulop_user/heuristic.cpp; sourceTree = "<group>"; };
		75E6D59A1DDB792C0057A699 /* heuristic.hpp */ = {isa = PBXFileReference; fileEncoding = 4; lastKnownFileType = sourcecode.cpp.h; name = heuristic.hpp; path = taulop_user/heuristic.hpp; sourceTree = "<group>"; };
		75E6D59B1DDB792C0057A699 /* ilist.h */ = {isa = PBXFileReference; fileEncoding = 4; lastKnownFileType = sourcecode.c.h; name = ilist.h; path = taulop_user/ilist.h; sourceTree = "<group>"; };
		75E6D59C1DDB792C0057A699 /* main_beaumont.cpp */ = {isa = PBXFileReference; fileEncoding = 4; lastKnownFileType = sourcecode.cpp.cpp; name = main_beaumont.cpp; path = taulop_user/main_beaumont.cpp; sourceTree = "<group>"; };
		75E6D5A01DDB792C0057A699 /* matrix_config.h */ = {isa = PBXFileReference; fileEncoding = 4; lastKnownFileType = sourcecode.c.h; name = matrix_config.h; path = taulop_user/matrix_config.h; sourceTree = "<group>"; };
		75E6D5A11DDB792C0057A699 /* matrix.cpp */ = {isa = PBXFileReference; fileEncoding = 4; lastKnownFileType = sourcecode.cpp.cpp; name = matrix.cpp; path = taulop_user/matrix.cpp; sourceTree = "<group>"; };
		75E6D5A21DDB792C0057A699 /* matrix.hpp */ = {isa = PBXFileReference; fileEncoding = 4; lastKnownFileType = sourcecode.cpp.h; name = matrix.hpp; path = taulop_user/matrix.hpp; sourceTree = "<group>"; };
		75E6D5A41DDB792C0057A699 /* rectangle.cpp */ = {isa = PBXFileReference; fileEncoding = 4; lastKnownFileType = sourcecode.cpp.cpp; name = rectangle.cpp; path = taulop_user/rectangle.cpp; sourceTree = "<group>"; };
		75E6D5A51DDB792C0057A699 /* rectangle.hpp */ = {isa = PBXFileReference; fileEncoding = 4; lastKnownFileType = sourcecode.cpp.h; name = rectangle.hpp; path = taulop_user/rectangle.hpp; sourceTree = "<group>"; };
		75E94F2D1FEE7B5800A1CCB3 /* taulop.xcodeproj */ = {isa = PBXFileReference; lastKnownFileType = "wrapper.pb-project"; name = taulop.xcodeproj; path = ../taulop_lib/taulop.xcodeproj; sourceTree = "<group>"; };
		75E94F361FF51F3900A1CCB3 /* main_rearrange.cpp */ = {isa = PBXFileReference; fileEncoding = 4; lastKnownFileType = sourcecode.cpp.cpp; name = main_rearrange.cpp; path = taulop_user/main_rearrange.cpp; sourceTree = "<group>"; };
/* End PBXFileReference section */

/* Begin PBXFrameworksBuildPhase section */
		75E6D56D1DDB78EF0057A699 /* Frameworks */ = {
			isa = PBXFrameworksBuildPhase;
			buildActionMask = 2147483647;
			files = (
				75E94F331FEE7B6300A1CCB3 /* libtaulop.a in Frameworks */,
			);
			runOnlyForDeploymentPostprocessing = 0;
		};
/* End PBXFrameworksBuildPhase section */

/* Begin PBXGroup section */
		75E6D5671DDB78EF0057A699 = {
			isa = PBXGroup;
			children = (
				75E6D57A1DDB792C0057A699 /* algorithm_basic.cpp */,
				75E6D57B1DDB792C0057A699 /* algorithm_basic.hpp */,
				75E6D57C1DDB792C0057A699 /* algorithm_half_perimeter.cpp */,
				75E6D57D1DDB792C0057A699 /* algorithm_half_perimeter.hpp */,
				75E6D57E1DDB792C0057A699 /* algorithm_malik.cpp */,
				75E6D57F1DDB792C0057A699 /* algorithm_malik.hpp */,
				75E6D5881DDB792C0057A699 /* algorithm_MxM.cpp */,
				75E6D5891DDB792C0057A699 /* algorithm_MxM.hpp */,
				75E6D5841DDB792C0057A699 /* algorithm_taulop_pbc.cpp */,
				75E6D5851DDB792C0057A699 /* algorithm_taulop_pbc.hpp */,
				75E6D5861DDB792C0057A699 /* algorithm_taulop_pbr.cpp */,
				75E6D5871DDB792C0057A699 /* algorithm_taulop_pbr.hpp */,
				75C3FE511EE16DF200D9C004 /* algorithm_W1D.cpp */,
				75C3FE531EE16DF200D9C004 /* algorithm_W1D.hpp */,
				75E086F91E3B3B1F00BF49A3 /* algorithm_W2D.cpp */,
				75E086FA1E3B3B1F00BF49A3 /* algorithm_W2D.hpp */,
				75E6D58A1DDB792C0057A699 /* algorithm.cpp */,
				75E6D58B1DDB792C0057A699 /* algorithm.hpp */,
				75E6D58C1DDB792C0057A699 /* arrangement.cpp */,
				75E6D58D1DDB792C0057A699 /* arrangement.hpp */,
				75E6D58F1DDB792C0057A699 /* column.cpp */,
				75E6D5901DDB792C0057A699 /* column.hpp */,
				75E6D5BC1DDB79510057A699 /* Frameworks */,
				75E6D5911DDB792C0057A699 /* heuristic_beaumont_mod.cpp */,
				75E6D5921DDB792C0057A699 /* heuristic_beaumont_mod.hpp */,
				75E6D5931DDB792C0057A699 /* heuristic_beaumont.cpp */,
				75E6D5941DDB792C0057A699 /* heuristic_beaumont.hpp */,
				75E6D5951DDB792C0057A699 /* heuristic_combinatorial.cpp */,
				75E6D5961DDB792C0057A699 /* heuristic_combinatorial.hpp */,
				75E6D5971DDB792C0057A699 /* heuristic_malik.cpp */,
				75E6D5981DDB792C0057A699 /* heuristic_malik.hpp */,
				75E6D5991DDB792C0057A699 /* heuristic.cpp */,
				75E6D59A1DDB792C0057A699 /* heuristic.hpp */,
				75E6D59B1DDB792C0057A699 /* ilist.h */,
				75E6D59C1DDB792C0057A699 /* main_beaumont.cpp */,
				7544FAE61F14CC40005A0379 /* main_cost.cpp */,
				7544FAE71F14CC40005A0379 /* main_malik.cpp */,
				75A920151FB43DD10069CB3B /* main_MxM_comb.cpp */,
				75E086F71E3B38B100BF49A3 /* main_predict.cpp */,
				7501F2701F9E3C33004D73D9 /* main_post.cpp */,
				75E94F361FF51F3900A1CCB3 /* main_rearrange.cpp */,
				75C3FE521EE16DF200D9C004 /* main_W1D.cpp */,
				75A920141FB43DD00069CB3B /* main_W2D_comb.cpp */,
				75E086F51E3B384B00BF49A3 /* main_W2D.cpp */,
				75E6D5A01DDB792C0057A699 /* matrix_config.h */,
				75E6D5A11DDB792C0057A699 /* matrix.cpp */,
				75E6D5A21DDB792C0057A699 /* matrix.hpp */,
				75E6D5711DDB78EF0057A699 /* Products */,
				75E6D5A41DDB792C0057A699 /* rectangle.cpp */,
				75E6D5A51DDB792C0057A699 /* rectangle.hpp */,
			);
			sourceTree = "<group>";
		};
		75E6D5711DDB78EF0057A699 /* Products */ = {
			isa = PBXGroup;
			children = (
				75E6D5701DDB78EF0057A699 /* taulop_user */,
			);
			name = Products;
			sourceTree = "<group>";
		};
		75E6D5BC1DDB79510057A699 /* Frameworks */ = {
			isa = PBXGroup;
			children = (
				75E94F2D1FEE7B5800A1CCB3 /* taulop.xcodeproj */,
			);
			name = Frameworks;
			sourceTree = "<group>";
		};
		75E94F2E1FEE7B5800A1CCB3 /* Products */ = {
			isa = PBXGroup;
			children = (
				75E94F321FEE7B5800A1CCB3 /* libtaulop.a */,
			);
			name = Products;
			sourceTree = "<group>";
		};
/* End PBXGroup section */

/* Begin PBXNativeTarget section */
		75E6D56F1DDB78EF0057A699 /* taulop_user */ = {
			isa = PBXNativeTarget;
			buildConfigurationList = 75E6D5771DDB78EF0057A699 /* Build configuration list for PBXNativeTarget "taulop_user" */;
			buildPhases = (
				75E6D56C1DDB78EF0057A699 /* Sources */,
				75E6D56D1DDB78EF0057A699 /* Frameworks */,
				75E6D56E1DDB78EF0057A699 /* CopyFiles */,
			);
			buildRules = (
			);
			dependencies = (
			);
			name = taulop_user;
			productName = taulop_user;
			productReference = 75E6D5701DDB78EF0057A699 /* taulop_user */;
			productType = "com.apple.product-type.tool";
		};
/* End PBXNativeTarget section */

/* Begin PBXProject section */
		75E6D5681DDB78EF0057A699 /* Project object */ = {
			isa = PBXProject;
			attributes = {
				LastUpgradeCheck = 0810;
				ORGANIZATIONNAME = "University of Extremadura";
				TargetAttributes = {
					75E6D56F1DDB78EF0057A699 = {
						CreatedOnToolsVersion = 8.1;
						DevelopmentTeam = F37FLQKPBR;
						ProvisioningStyle = Automatic;
					};
				};
			};
			buildConfigurationList = 75E6D56B1DDB78EF0057A699 /* Build configuration list for PBXProject "taulop_user" */;
			compatibilityVersion = "Xcode 3.2";
			developmentRegion = English;
			hasScannedForEncodings = 0;
			knownRegions = (
				en,
			);
			mainGroup = 75E6D5671DDB78EF0057A699;
			productRefGroup = 75E6D5711DDB78EF0057A699 /* Products */;
			projectDirPath = "";
			projectReferences = (
				{
					ProductGroup = 75E94F2E1FEE7B5800A1CCB3 /* Products */;
					ProjectRef = 75E94F2D1FEE7B5800A1CCB3 /* taulop.xcodeproj */;
				},
			);
			projectRoot = "";
			targets = (
				75E6D56F1DDB78EF0057A699 /* taulop_user */,
			);
		};
/* End PBXProject section */

/* Begin PBXReferenceProxy section */
		75E94F321FEE7B5800A1CCB3 /* libtaulop.a */ = {
			isa = PBXReferenceProxy;
			fileType = archive.ar;
			path = libtaulop.a;
			remoteRef = 75E94F311FEE7B5800A1CCB3 /* PBXContainerItemProxy */;
			sourceTree = BUILT_PRODUCTS_DIR;
		};
/* End PBXReferenceProxy section */

/* Begin PBXSourcesBuildPhase section */
		75E6D56C1DDB78EF0057A699 /* Sources */ = {
			isa = PBXSourcesBuildPhase;
			buildActionMask = 2147483647;
			files = (
				75E6D5AD1DDB792C0057A699 /* algorithm_MxM.cpp in Sources */,
				75E6D5BB1DDB792C0057A699 /* rectangle.cpp in Sources */,
				7501F2711F9E3C33004D73D9 /* main_post.cpp in Sources */,
				75E6D5AB1DDB792C0057A699 /* algorithm_taulop_pbc.cpp in Sources */,
				75A920171FB43DD10069CB3B /* main_MxM_comb.cpp in Sources */,
				7544FAE81F14CC40005A0379 /* main_cost.cpp in Sources */,
				75E086F61E3B384B00BF49A3 /* main_W2D.cpp in Sources */,
				75E94F371FF51F3900A1CCB3 /* main_rearrange.cpp in Sources */,
				75C3FE541EE16DF200D9C004 /* algorithm_W1D.cpp in Sources */,
				75C3FE551EE16DF200D9C004 /* main_W1D.cpp in Sources */,
				75E086FB1E3B3B1F00BF49A3 /* algorithm_W2D.cpp in Sources */,
				75E6D5A71DDB792C0057A699 /* algorithm_half_perimeter.cpp in Sources */,
				75E6D5AC1DDB792C0057A699 /* algorithm_taulop_pbr.cpp in Sources */,
				75E086F81E3B38B100BF49A3 /* main_predict.cpp in Sources */,
				75A920161FB43DD10069CB3B /* main_W2D_comb.cpp in Sources */,
				75E6D5B41DDB792C0057A699 /* heuristic_malik.cpp in Sources */,
				75E6D5AF1DDB792C0057A699 /* arrangement.cpp in Sources */,
				75E6D5A61DDB792C0057A699 /* algorithm_basic.cpp in Sources */,
				75E6D5B11DDB792C0057A699 /* heuristic_beaumont_mod.cpp in Sources */,
				75E6D5B31DDB792C0057A699 /* heuristic_combinatorial.cpp in Sources */,
				7544FAE91F14CC40005A0379 /* main_malik.cpp in Sources */,
				75E6D5A81DDB792C0057A699 /* algorithm_malik.cpp in Sources */,
				75E6D5B21DDB792C0057A699 /* heuristic_beaumont.cpp in Sources */,
				75E6D5B01DDB792C0057A699 /* column.cpp in Sources */,
				75E6D5B61DDB792C0057A699 /* main_beaumont.cpp in Sources */,
				75E6D5B51DDB792C0057A699 /* heuristic.cpp in Sources */,
				75E6D5BA1DDB792C0057A699 /* matrix.cpp in Sources */,
				75E6D5AE1DDB792C0057A699 /* algorithm.cpp in Sources */,
			);
			runOnlyForDeploymentPostprocessing = 0;
		};
/* End PBXSourcesBuildPhase section */

/* Begin XCBuildConfiguration section */
		75E6D5751DDB78EF0057A699 /* Debug */ = {
			isa = XCBuildConfiguration;
			buildSettings = {
				ALWAYS_SEARCH_USER_PATHS = NO;
				CLANG_ANALYZER_NONNULL = YES;
				CLANG_CXX_LANGUAGE_STANDARD = "gnu++0x";
				CLANG_CXX_LIBRARY = "libc++";
				CLANG_ENABLE_MODULES = YES;
				CLANG_ENABLE_OBJC_ARC = YES;
				CLANG_WARN_BOOL_CONVERSION = YES;
				CLANG_WARN_CONSTANT_CONVERSION = YES;
				CLANG_WARN_DIRECT_OBJC_ISA_USAGE = YES_ERROR;
				CLANG_WARN_DOCUMENTATION_COMMENTS = YES;
				CLANG_WARN_EMPTY_BODY = YES;
				CLANG_WARN_ENUM_CONVERSION = YES;
				CLANG_WARN_INFINITE_RECURSION = YES;
				CLANG_WARN_INT_CONVERSION = YES;
				CLANG_WARN_OBJC_ROOT_CLASS = YES_ERROR;
				CLANG_WARN_SUSPICIOUS_MOVES = YES;
				CLANG_WARN_UNREACHABLE_CODE = YES;
				CLANG_WARN__DUPLICATE_METHOD_MATCH = YES;
				CODE_SIGN_IDENTITY = "-";
				COPY_PHASE_STRIP = NO;
				DEBUG_INFORMATION_FORMAT = dwarf;
				ENABLE_STRICT_OBJC_MSGSEND = YES;
				ENABLE_TESTABILITY = YES;
				GCC_C_LANGUAGE_STANDARD = gnu99;
				GCC_DYNAMIC_NO_PIC = NO;
				GCC_NO_COMMON_BLOCKS = YES;
				GCC_OPTIMIZATION_LEVEL = 0;
				GCC_PREPROCESSOR_DEFINITIONS = (
					"DEBUG=1",
					"$(inherited)",
				);
				GCC_WARN_64_TO_32_BIT_CONVERSION = YES;
				GCC_WARN_ABOUT_RETURN_TYPE = YES_ERROR;
				GCC_WARN_UNDECLARED_SELECTOR = YES;
				GCC_WARN_UNINITIALIZED_AUTOS = YES_AGGRESSIVE;
				GCC_WARN_UNUSED_FUNCTION = YES;
				GCC_WARN_UNUSED_VARIABLE = YES;
				MACOSX_DEPLOYMENT_TARGET = 10.11;
				MTL_ENABLE_DEBUG_INFO = YES;
				ONLY_ACTIVE_ARCH = YES;
				SDKROOT = macosx;
			};
			name = Debug;
		};
		75E6D5761DDB78EF0057A699 /* Release */ = {
			isa = XCBuildConfiguration;
			buildSettings = {
				ALWAYS_SEARCH_USER_PATHS = NO;
				CLANG_ANALYZER_NONNULL = YES;
				CLANG_CXX_LANGUAGE_STANDARD = "gnu++0x";
				CLANG_CXX_LIBRARY = "libc++";
				CLANG_ENABLE_MODULES = YES;
				CLANG_ENABLE_OBJC_ARC = YES;
				CLANG_WARN_BOOL_CONVERSION = YES;
				CLANG_WARN_CONSTANT_CONVERSION = YES;
				CLANG_WARN_DIRECT_OBJC_ISA_USAGE = YES_ERROR;
				CLANG_WARN_DOCUMENTATION_COMMENTS = YES;
				CLANG_WARN_EMPTY_BODY = YES;
				CLANG_WARN_ENUM_CONVERSION = YES;
				CLANG_WARN_INFINITE_RECURSION = YES;
				CLANG_WARN_INT_CONVERSION = YES;
				CLANG_WARN_OBJC_ROOT_CLASS = YES_ERROR;
				CLANG_WARN_SUSPICIOUS_MOVES = YES;
				CLANG_WARN_UNREACHABLE_CODE = YES;
				CLANG_WARN__DUPLICATE_METHOD_MATCH = YES;
				CODE_SIGN_IDENTITY = "-";
				COPY_PHASE_STRIP = NO;
				DEBUG_INFORMATION_FORMAT = "dwarf-with-dsym";
				ENABLE_NS_ASSERTIONS = NO;
				ENABLE_STRICT_OBJC_MSGSEND = YES;
				GCC_C_LANGUAGE_STANDARD = gnu99;
				GCC_NO_COMMON_BLOCKS = YES;
				GCC_WARN_64_TO_32_BIT_CONVERSION = YES;
				GCC_WARN_ABOUT_RETURN_TYPE = YES_ERROR;
				GCC_WARN_UNDECLARED_SELECTOR = YES;
				GCC_WARN_UNINITIALIZED_AUTOS = YES_AGGRESSIVE;
				GCC_WARN_UNUSED_FUNCTION = YES;
				GCC_WARN_UNUSED_VARIABLE = YES;
				MACOSX_DEPLOYMENT_TARGET = 10.11;
				MTL_ENABLE_DEBUG_INFO = NO;
				SDKROOT = macosx;
			};
			name = Release;
		};
		75E6D5781DDB78EF0057A699 /* Debug */ = {
			isa = XCBuildConfiguration;
			buildSettings = {
				COPY_HEADERS_UNIFDEF_FLAGS = "";
				DEPLOYMENT_LOCATION = NO;
				DEVELOPMENT_TEAM = F37FLQKPBR;
				HEADER_SEARCH_PATHS = (
					../taulop_lib/kernel,
					../taulop_lib/colls,
				);
				INSTALL_PATH = /tmp;
				PRODUCT_NAME = "$(TARGET_NAME)";
				SYMROOT = build;
				USER_HEADER_SEARCH_PATHS = ../taulop_lib;
			};
			name = Debug;
		};
		75E6D5791DDB78EF0057A699 /* Release */ = {
			isa = XCBuildConfiguration;
			buildSettings = {
				COPY_HEADERS_UNIFDEF_FLAGS = "";
				DEPLOYMENT_LOCATION = NO;
				DEVELOPMENT_TEAM = F37FLQKPBR;
				HEADER_SEARCH_PATHS = (
					../taulop_lib/kernel,
					../taulop_lib/colls,
				);
				INSTALL_PATH = /tmp;
				PRODUCT_NAME = "$(TARGET_NAME)";
				SYMROOT = build;
				USER_HEADER_SEARCH_PATHS = ../taulop_lib;
			};
			name = Release;
		};
/* End XCBuildConfiguration section */

/* Begin XCConfigurationList section */
		75E6D56B1DDB78EF0057A699 /* Build configuration list for PBXProject "taulop_user" */ = {
			isa = XCConfigurationList;
			buildConfigurations = (
				75E6D5751DDB78EF0057A699 /* Debug */,
				75E6D5761DDB78EF0057A699 /* Release */,
			);
			defaultConfigurationIsVisible = 0;
			defaultConfigurationName = Release;
		};
		75E6D5771DDB78EF0057A699 /* Build configuration list for PBXNativeTarget "taulop_user" */ = {
			isa = XCConfigurationList;
			buildConfigurations = (
				75E6D5781DDB78EF0057A699 /* Debug */,
				75E6D5791DDB78EF0057A699 /* Release */,
			);
			defaultConfigurationIsVisible = 0;
			defaultConfigurationName = Release;
		};
/* End XCConfigurationList section */
	};
	rootObject = 75E6D5681DDB78EF0057A699 /* Project object */;
}
