// !$*UTF8*$!
{
	archiveVersion = 1;
	classes = {
	};
	objectVersion = 46;
	objects = {

/* Begin PBXBuildFile section */
		75831A001EBB3D5C006C3A86 /* main.cpp in Sources */ = {isa = PBXBuildFile; fileRef = 758319FF1EBB3D5C006C3A86 /* main.cpp */; };
		75831A131EBB3E59006C3A86 /* libtaulop.a in Frameworks */ = {isa = PBXBuildFile; fileRef = 75831A121EBB3E59006C3A86 /* libtaulop.a */; };
/* End PBXBuildFile section */

/* Begin PBXContainerItemProxy section */
		75831A0D1EBB3D98006C3A86 /* PBXContainerItemProxy */ = {
			isa = PBXContainerItemProxy;
			containerPortal = 75831A091EBB3D98006C3A86 /* taulop.xcodeproj */;
			proxyType = 2;
			remoteGlobalIDString = 75E6D6081DDB864F0057A699;
			remoteInfo = taulop;
		};
/* End PBXContainerItemProxy section */

/* Begin PBXCopyFilesBuildPhase section */
		758319FA1EBB3D5C006C3A86 /* CopyFiles */ = {
			isa = PBXCopyFilesBuildPhase;
			buildActionMask = 2147483647;
			dstPath = /usr/share/man/man1/;
			dstSubfolderSpec = 0;
			files = (
			);
			runOnlyForDeploymentPostprocessing = 1;
		};
/* End PBXCopyFilesBuildPhase section */

/* Begin PBXFileReference section */
		758319FC1EBB3D5C006C3A86 /* Wave2D */ = {isa = PBXFileReference; explicitFileType = "compiled.mach-o.executable"; includeInIndex = 0; path = Wave2D; sourceTree = BUILT_PRODUCTS_DIR; };
		758319FF1EBB3D5C006C3A86 /* main.cpp */ = {isa = PBXFileReference; lastKnownFileType = sourcecode.cpp.cpp; path = main.cpp; sourceTree = "<group>"; };
		75831A091EBB3D98006C3A86 /* taulop.xcodeproj */ = {isa = PBXFileReference; lastKnownFileType = "wrapper.pb-project"; name = taulop.xcodeproj; path = ../../taulop/taulop.xcodeproj; sourceTree = "<group>"; };
		75831A121EBB3E59006C3A86 /* libtaulop.a */ = {isa = PBXFileReference; lastKnownFileType = archive.ar; name = libtaulop.a; path = ../../taulop/build/Debug/libtaulop.a; sourceTree = "<group>"; };
/* End PBXFileReference section */

/* Begin PBXFrameworksBuildPhase section */
		758319F91EBB3D5C006C3A86 /* Frameworks */ = {
			isa = PBXFrameworksBuildPhase;
			buildActionMask = 2147483647;
			files = (
				75831A131EBB3E59006C3A86 /* libtaulop.a in Frameworks */,
			);
			runOnlyForDeploymentPostprocessing = 0;
		};
/* End PBXFrameworksBuildPhase section */

/* Begin PBXGroup section */
		758319F31EBB3D5C006C3A86 = {
			isa = PBXGroup;
			children = (
				758319FE1EBB3D5C006C3A86 /* Wave2D */,
				758319FD1EBB3D5C006C3A86 /* Products */,
				75831A081EBB3D98006C3A86 /* Frameworks */,
			);
			sourceTree = "<group>";
		};
		758319FD1EBB3D5C006C3A86 /* Products */ = {
			isa = PBXGroup;
			children = (
				758319FC1EBB3D5C006C3A86 /* Wave2D */,
			);
			name = Products;
			sourceTree = "<group>";
		};
		758319FE1EBB3D5C006C3A86 /* Wave2D */ = {
			isa = PBXGroup;
			children = (
				758319FF1EBB3D5C006C3A86 /* main.cpp */,
			);
			path = Wave2D;
			sourceTree = "<group>";
		};
		75831A081EBB3D98006C3A86 /* Frameworks */ = {
			isa = PBXGroup;
			children = (
				75831A121EBB3E59006C3A86 /* libtaulop.a */,
				75831A091EBB3D98006C3A86 /* taulop.xcodeproj */,
			);
			name = Frameworks;
			sourceTree = "<group>";
		};
		75831A0A1EBB3D98006C3A86 /* Products */ = {
			isa = PBXGroup;
			children = (
				75831A0E1EBB3D98006C3A86 /* libtaulop.a */,
			);
			name = Products;
			sourceTree = "<group>";
		};
/* End PBXGroup section */

/* Begin PBXNativeTarget section */
		758319FB1EBB3D5C006C3A86 /* Wave2D */ = {
			isa = PBXNativeTarget;
			buildConfigurationList = 75831A031EBB3D5C006C3A86 /* Build configuration list for PBXNativeTarget "Wave2D" */;
			buildPhases = (
				758319F81EBB3D5C006C3A86 /* Sources */,
				758319F91EBB3D5C006C3A86 /* Frameworks */,
				758319FA1EBB3D5C006C3A86 /* CopyFiles */,
			);
			buildRules = (
			);
			dependencies = (
			);
			name = Wave2D;
			productName = Wave2D;
			productReference = 758319FC1EBB3D5C006C3A86 /* Wave2D */;
			productType = "com.apple.product-type.tool";
		};
/* End PBXNativeTarget section */

/* Begin PBXProject section */
		758319F41EBB3D5C006C3A86 /* Project object */ = {
			isa = PBXProject;
			attributes = {
				LastUpgradeCheck = 0830;
				ORGANIZATIONNAME = jarico;
				TargetAttributes = {
					758319FB1EBB3D5C006C3A86 = {
						CreatedOnToolsVersion = 8.3.1;
						ProvisioningStyle = Automatic;
					};
				};
			};
			buildConfigurationList = 758319F71EBB3D5C006C3A86 /* Build configuration list for PBXProject "Wave2D" */;
			compatibilityVersion = "Xcode 3.2";
			developmentRegion = English;
			hasScannedForEncodings = 0;
			knownRegions = (
				en,
			);
			mainGroup = 758319F31EBB3D5C006C3A86;
			productRefGroup = 758319FD1EBB3D5C006C3A86 /* Products */;
			projectDirPath = "";
			projectReferences = (
				{
					ProductGroup = 75831A0A1EBB3D98006C3A86 /* Products */;
					ProjectRef = 75831A091EBB3D98006C3A86 /* taulop.xcodeproj */;
				},
			);
			projectRoot = "";
			targets = (
				758319FB1EBB3D5C006C3A86 /* Wave2D */,
			);
		};
/* End PBXProject section */

/* Begin PBXReferenceProxy section */
		75831A0E1EBB3D98006C3A86 /* libtaulop.a */ = {
			isa = PBXReferenceProxy;
			fileType = archive.ar;
			path = libtaulop.a;
			remoteRef = 75831A0D1EBB3D98006C3A86 /* PBXContainerItemProxy */;
			sourceTree = BUILT_PRODUCTS_DIR;
		};
/* End PBXReferenceProxy section */

/* Begin PBXSourcesBuildPhase section */
		758319F81EBB3D5C006C3A86 /* Sources */ = {
			isa = PBXSourcesBuildPhase;
			buildActionMask = 2147483647;
			files = (
				75831A001EBB3D5C006C3A86 /* main.cpp in Sources */,
			);
			runOnlyForDeploymentPostprocessing = 0;
		};
/* End PBXSourcesBuildPhase section */

/* Begin XCBuildConfiguration section */
		75831A011EBB3D5C006C3A86 /* Debug */ = {
			isa = XCBuildConfiguration;
			buildSettings = {
				ALWAYS_SEARCH_USER_PATHS = NO;
				CLANG_ANALYZER_NONNULL = YES;
				CLANG_ANALYZER_NUMBER_OBJECT_CONVERSION = YES_AGGRESSIVE;
				CLANG_CXX_LANGUAGE_STANDARD = "gnu++0x";
				CLANG_CXX_LIBRARY = "libc++";
				CLANG_ENABLE_MODULES = YES;
				CLANG_ENABLE_OBJC_ARC = YES;
				CLANG_WARN_BOOL_CONVERSION = YES;
				CLANG_WARN_CONSTANT_CONVERSION = YES;
				CLANG_WARN_DIRECT_OBJC_ISA_USAGE = YES_ERROR;
				CLANG_WARN_DOCUMENTATION_COMMENTS = YES;
				CLANG_WARN_EMPTY_BODY = YES;
				CLANG_WARN_ENUM_CONVERSION = YES;
				CLANG_WARN_INFINITE_RECURSION = YES;
				CLANG_WARN_INT_CONVERSION = YES;
				CLANG_WARN_OBJC_ROOT_CLASS = YES_ERROR;
				CLANG_WARN_SUSPICIOUS_MOVE = YES;
				CLANG_WARN_UNREACHABLE_CODE = YES;
				CLANG_WARN__DUPLICATE_METHOD_MATCH = YES;
				CODE_SIGN_IDENTITY = "-";
				COPY_PHASE_STRIP = NO;
				DEBUG_INFORMATION_FORMAT = dwarf;
				ENABLE_STRICT_OBJC_MSGSEND = YES;
				ENABLE_TESTABILITY = YES;
				GCC_C_LANGUAGE_STANDARD = gnu99;
				GCC_DYNAMIC_NO_PIC = NO;
				GCC_NO_COMMON_BLOCKS = YES;
				GCC_OPTIMIZATION_LEVEL = 0;
				GCC_PREPROCESSOR_DEFINITIONS = (
					"DEBUG=1",
					"$(inherited)",
				);
				GCC_WARN_64_TO_32_BIT_CONVERSION = YES;
				GCC_WARN_ABOUT_RETURN_TYPE = YES_ERROR;
				GCC_WARN_UNDECLARED_SELECTOR = YES;
				GCC_WARN_UNINITIALIZED_AUTOS = YES_AGGRESSIVE;
				GCC_WARN_UNUSED_FUNCTION = YES;
				GCC_WARN_UNUSED_VARIABLE = YES;
				MACOSX_DEPLOYMENT_TARGET = 10.12;
				MTL_ENABLE_DEBUG_INFO = YES;
				ONLY_ACTIVE_ARCH = YES;
				SDKROOT = macosx;
			};
			name = Debug;
		};
		75831A021EBB3D5C006C3A86 /* Release */ = {
			isa = XCBuildConfiguration;
			buildSettings = {
				ALWAYS_SEARCH_USER_PATHS = NO;
				CLANG_ANALYZER_NONNULL = YES;
				CLANG_ANALYZER_NUMBER_OBJECT_CONVERSION = YES_AGGRESSIVE;
				CLANG_CXX_LANGUAGE_STANDARD = "gnu++0x";
				CLANG_CXX_LIBRARY = "libc++";
				CLANG_ENABLE_MODULES = YES;
				CLANG_ENABLE_OBJC_ARC = YES;
				CLANG_WARN_BOOL_CONVERSION = YES;
				CLANG_WARN_CONSTANT_CONVERSION = YES;
				CLANG_WARN_DIRECT_OBJC_ISA_USAGE = YES_ERROR;
				CLANG_WARN_DOCUMENTATION_COMMENTS = YES;
				CLANG_WARN_EMPTY_BODY = YES;
				CLANG_WARN_ENUM_CONVERSION = YES;
				CLANG_WARN_INFINITE_RECURSION = YES;
				CLANG_WARN_INT_CONVERSION = YES;
				CLANG_WARN_OBJC_ROOT_CLASS = YES_ERROR;
				CLANG_WARN_SUSPICIOUS_MOVE = YES;
				CLANG_WARN_UNREACHABLE_CODE = YES;
				CLANG_WARN__DUPLICATE_METHOD_MATCH = YES;
				CODE_SIGN_IDENTITY = "-";
				COPY_PHASE_STRIP = NO;
				DEBUG_INFORMATION_FORMAT = "dwarf-with-dsym";
				ENABLE_NS_ASSERTIONS = NO;
				ENABLE_STRICT_OBJC_MSGSEND = YES;
				GCC_C_LANGUAGE_STANDARD = gnu99;
				GCC_NO_COMMON_BLOCKS = YES;
				GCC_WARN_64_TO_32_BIT_CONVERSION = YES;
				GCC_WARN_ABOUT_RETURN_TYPE = YES_ERROR;
				GCC_WARN_UNDECLARED_SELECTOR = YES;
				GCC_WARN_UNINITIALIZED_AUTOS = YES_AGGRESSIVE;
				GCC_WARN_UNUSED_FUNCTION = YES;
				GCC_WARN_UNUSED_VARIABLE = YES;
				MACOSX_DEPLOYMENT_TARGET = 10.12;
				MTL_ENABLE_DEBUG_INFO = NO;
				SDKROOT = macosx;
			};
			name = Release;
		};
		75831A041EBB3D5C006C3A86 /* Debug */ = {
			isa = XCBuildConfiguration;
			buildSettings = {
				HEADER_SEARCH_PATHS = (
					"/Users/jarico/Google\\ Drive/code_tau_lop/taulop_code/taulop/kernel",
					"/Users/jarico/Google\\ Drive/code_tau_lop/taulop_code/taulop/colls",
				);
				LIBRARY_SEARCH_PATHS = "/Users/jarico/Google\\ Drive/code_tau_lop/taulop_code/taulop/build/Debug";
				PRODUCT_NAME = "$(TARGET_NAME)";
			};
			name = Debug;
		};
		75831A051EBB3D5C006C3A86 /* Release */ = {
			isa = XCBuildConfiguration;
			buildSettings = {
				HEADER_SEARCH_PATHS = (
					"/Users/jarico/Google\\ Drive/code_tau_lop/taulop_code/taulop/kernel",
					"/Users/jarico/Google\\ Drive/code_tau_lop/taulop_code/taulop/colls",
				);
				LIBRARY_SEARCH_PATHS = "/Users/jarico/Google\\ Drive/code_tau_lop/taulop_code/taulop/build/Debug";
				PRODUCT_NAME = "$(TARGET_NAME)";
			};
			name = Release;
		};
/* End XCBuildConfiguration section */

/* Begin XCConfigurationList section */
		758319F71EBB3D5C006C3A86 /* Build configuration list for PBXProject "Wave2D" */ = {
			isa = XCConfigurationList;
			buildConfigurations = (
				75831A011EBB3D5C006C3A86 /* Debug */,
				75831A021EBB3D5C006C3A86 /* Release */,
			);
			defaultConfigurationIsVisible = 0;
			defaultConfigurationName = Release;
		};
		75831A031EBB3D5C006C3A86 /* Build configuration list for PBXNativeTarget "Wave2D" */ = {
			isa = XCConfigurationList;
			buildConfigurations = (
				75831A041EBB3D5C006C3A86 /* Debug */,
				75831A051EBB3D5C006C3A86 /* Release */,
			);
			defaultConfigurationIsVisible = 0;
			defaultConfigurationName = Release;
		};
/* End XCConfigurationList section */
	};
	rootObject = 758319F41EBB3D5C006C3A86 /* Project object */;
}
