// !$*UTF8*$!
{
	archiveVersion = 1;
	classes = {
	};
	objectVersion = 46;
	objects = {

/* Begin PBXBuildFile section */
		758C02FD202A0A5000D8DFA8 /* allgather_rda.cpp in Sources */ = {isa = PBXBuildFile; fileRef = 758C02E9202A0A5000D8DFA8 /* allgather_rda.cpp */; };
		758C02FE202A0A5000D8DFA8 /* allgather_ring.cpp in Sources */ = {isa = PBXBuildFile; fileRef = 758C02EA202A0A5000D8DFA8 /* allgather_ring.cpp */; };
		758C02FF202A0A5000D8DFA8 /* bcast_binomial_openmpi.cpp in Sources */ = {isa = PBXBuildFile; fileRef = 758C02EB202A0A5000D8DFA8 /* bcast_binomial_openmpi.cpp */; };
		758C0300202A0A5000D8DFA8 /* bcast_binomial.cpp in Sources */ = {isa = PBXBuildFile; fileRef = 758C02EC202A0A5000D8DFA8 /* bcast_binomial.cpp */; };
		758C0301202A0A5000D8DFA8 /* bcast_linear.cpp in Sources */ = {isa = PBXBuildFile; fileRef = 758C02ED202A0A5000D8DFA8 /* bcast_linear.cpp */; };
		758C0302202A0A5000D8DFA8 /* collective.cpp in Sources */ = {isa = PBXBuildFile; fileRef = 758C02EE202A0A5000D8DFA8 /* collective.cpp */; };
		758C0303202A0A5000D8DFA8 /* communicator.cpp in Sources */ = {isa = PBXBuildFile; fileRef = 758C02EF202A0A5000D8DFA8 /* communicator.cpp */; };
		758C0304202A0A5100D8DFA8 /* gather_binomial.cpp in Sources */ = {isa = PBXBuildFile; fileRef = 758C02F0202A0A5000D8DFA8 /* gather_binomial.cpp */; };
		758C0305202A0A5100D8DFA8 /* gatherv_binomial.cpp in Sources */ = {isa = PBXBuildFile; fileRef = 758C02F1202A0A5000D8DFA8 /* gatherv_binomial.cpp */; };
		758C0306202A0A5100D8DFA8 /* mapping.cpp in Sources */ = {isa = PBXBuildFile; fileRef = 758C02F3202A0A5000D8DFA8 /* mapping.cpp */; };
		758C0307202A0A5100D8DFA8 /* process.cpp in Sources */ = {isa = PBXBuildFile; fileRef = 758C02F4202A0A5000D8DFA8 /* process.cpp */; };
		758C0308202A0A5100D8DFA8 /* scatter_binomial.cpp in Sources */ = {isa = PBXBuildFile; fileRef = 758C02F5202A0A5000D8DFA8 /* scatter_binomial.cpp */; };
		758C0309202A0A5100D8DFA8 /* taulop_concurrent.cpp in Sources */ = {isa = PBXBuildFile; fileRef = 758C02F6202A0A5000D8DFA8 /* taulop_concurrent.cpp */; };
		758C030A202A0A5100D8DFA8 /* taulop_cost.cpp in Sources */ = {isa = PBXBuildFile; fileRef = 758C02F7202A0A5000D8DFA8 /* taulop_cost.cpp */; };
		758C030B202A0A5100D8DFA8 /* taulop_operator.cpp in Sources */ = {isa = PBXBuildFile; fileRef = 758C02F8202A0A5000D8DFA8 /* taulop_operator.cpp */; };
		758C030C202A0A5100D8DFA8 /* taulop_params_channel.cpp in Sources */ = {isa = PBXBuildFile; fileRef = 758C02F9202A0A5000D8DFA8 /* taulop_params_channel.cpp */; };
		758C030D202A0A5100D8DFA8 /* taulop_params.cpp in Sources */ = {isa = PBXBuildFile; fileRef = 758C02FA202A0A5000D8DFA8 /* taulop_params.cpp */; };
		758C030E202A0A5100D8DFA8 /* taulop_sequence.cpp in Sources */ = {isa = PBXBuildFile; fileRef = 758C02FB202A0A5000D8DFA8 /* taulop_sequence.cpp */; };
		758C030F202A0A5100D8DFA8 /* transmission.cpp in Sources */ = {isa = PBXBuildFile; fileRef = 758C02FC202A0A5000D8DFA8 /* transmission.cpp */; };
		758C0328202A0A6000D8DFA8 /* allgather_rda.hpp in Headers */ = {isa = PBXBuildFile; fileRef = 758C0310202A0A6000D8DFA8 /* allgather_rda.hpp */; };
		758C0329202A0A6000D8DFA8 /* allgather_ring.hpp in Headers */ = {isa = PBXBuildFile; fileRef = 758C0311202A0A6000D8DFA8 /* allgather_ring.hpp */; };
		758C032A202A0A6000D8DFA8 /* bcast_binomial_openmpi.hpp in Headers */ = {isa = PBXBuildFile; fileRef = 758C0312202A0A6000D8DFA8 /* bcast_binomial_openmpi.hpp */; };
		758C032B202A0A6000D8DFA8 /* bcast_binomial.hpp in Headers */ = {isa = PBXBuildFile; fileRef = 758C0313202A0A6000D8DFA8 /* bcast_binomial.hpp */; };
		758C032C202A0A6000D8DFA8 /* bcast_linear.hpp in Headers */ = {isa = PBXBuildFile; fileRef = 758C0314202A0A6000D8DFA8 /* bcast_linear.hpp */; };
		758C032D202A0A6000D8DFA8 /* collective.hpp in Headers */ = {isa = PBXBuildFile; fileRef = 758C0315202A0A6000D8DFA8 /* collective.hpp */; };
		758C032E202A0A6000D8DFA8 /* communicator.hpp in Headers */ = {isa = PBXBuildFile; fileRef = 758C0316202A0A6000D8DFA8 /* communicator.hpp */; };
		758C032F202A0A6000D8DFA8 /* config.h in Headers */ = {isa = PBXBuildFile; fileRef = 758C0317202A0A6000D8DFA8 /* config.h */; };
		758C0330202A0A6000D8DFA8 /* gather_binomial.hpp in Headers */ = {isa = PBXBuildFile; fileRef = 758C0318202A0A6000D8DFA8 /* gather_binomial.hpp */; };
		758C0331202A0A6000D8DFA8 /* gatherv_binomial.hpp in Headers */ = {isa = PBXBuildFile; fileRef = 758C0319202A0A6000D8DFA8 /* gatherv_binomial.hpp */; };
		758C0332202A0A6000D8DFA8 /* ilist.h in Headers */ = {isa = PBXBuildFile; fileRef = 758C031A202A0A6000D8DFA8 /* ilist.h */; };
		758C0333202A0A6000D8DFA8 /* mapping.hpp in Headers */ = {isa = PBXBuildFile; fileRef = 758C031C202A0A6000D8DFA8 /* mapping.hpp */; };
		758C0334202A0A6000D8DFA8 /* process.hpp in Headers */ = {isa = PBXBuildFile; fileRef = 758C031D202A0A6000D8DFA8 /* process.hpp */; };
		758C0335202A0A6000D8DFA8 /* scatter_binomial.hpp in Headers */ = {isa = PBXBuildFile; fileRef = 758C031E202A0A6000D8DFA8 /* scatter_binomial.hpp */; };
		758C0336202A0A6000D8DFA8 /* taulop_concurrent.hpp in Headers */ = {isa = PBXBuildFile; fileRef = 758C031F202A0A6000D8DFA8 /* taulop_concurrent.hpp */; };
		758C0337202A0A6000D8DFA8 /* taulop_config.h in Headers */ = {isa = PBXBuildFile; fileRef = 758C0320202A0A6000D8DFA8 /* taulop_config.h */; };
		758C0338202A0A6000D8DFA8 /* taulop_cost.hpp in Headers */ = {isa = PBXBuildFile; fileRef = 758C0321202A0A6000D8DFA8 /* taulop_cost.hpp */; };
		758C0339202A0A6000D8DFA8 /* taulop_kernel.hpp in Headers */ = {isa = PBXBuildFile; fileRef = 758C0322202A0A6000D8DFA8 /* taulop_kernel.hpp */; };
		758C033A202A0A6000D8DFA8 /* taulop_operator.hpp in Headers */ = {isa = PBXBuildFile; fileRef = 758C0323202A0A6000D8DFA8 /* taulop_operator.hpp */; };
		758C033B202A0A6000D8DFA8 /* taulop_params_channel.hpp in Headers */ = {isa = PBXBuildFile; fileRef = 758C0324202A0A6000D8DFA8 /* taulop_params_channel.hpp */; };
		758C033C202A0A6000D8DFA8 /* taulop_params.hpp in Headers */ = {isa = PBXBuildFile; fileRef = 758C0325202A0A6000D8DFA8 /* taulop_params.hpp */; };
		758C033D202A0A6000D8DFA8 /* taulop_sequence.hpp in Headers */ = {isa = PBXBuildFile; fileRef = 758C0326202A0A6000D8DFA8 /* taulop_sequence.hpp */; };
		758C033E202A0A6000D8DFA8 /* transmission.hpp in Headers */ = {isa = PBXBuildFile; fileRef = 758C0327202A0A6000D8DFA8 /* transmission.hpp */; };
/* End PBXBuildFile section */

/* Begin PBXFileReference section */
		758C02E2202A0A3C00D8DFA8 /* libtaulop.a */ = {isa = PBXFileReference; explicitFileType = archive.ar; includeInIndex = 0; path = libtaulop.a; sourceTree = BUILT_PRODUCTS_DIR; };
		758C02E9202A0A5000D8DFA8 /* allgather_rda.cpp */ = {isa = PBXFileReference; fileEncoding = 4; lastKnownFileType = sourcecode.cpp.cpp; name = allgather_rda.cpp; path = ../src/allgather_rda.cpp; sourceTree = "<group>"; };
		758C02EA202A0A5000D8DFA8 /* allgather_ring.cpp */ = {isa = PBXFileReference; fileEncoding = 4; lastKnownFileType = sourcecode.cpp.cpp; name = allgather_ring.cpp; path = ../src/allgather_ring.cpp; sourceTree = "<group>"; };
		758C02EB202A0A5000D8DFA8 /* bcast_binomial_openmpi.cpp */ = {isa = PBXFileReference; fileEncoding = 4; lastKnownFileType = sourcecode.cpp.cpp; name = bcast_binomial_openmpi.cpp; path = ../src/bcast_binomial_openmpi.cpp; sourceTree = "<group>"; };
		758C02EC202A0A5000D8DFA8 /* bcast_binomial.cpp */ = {isa = PBXFileReference; fileEncoding = 4; lastKnownFileType = sourcecode.cpp.cpp; name = bcast_binomial.cpp; path = ../src/bcast_binomial.cpp; sourceTree = "<group>"; };
		758C02ED202A0A5000D8DFA8 /* bcast_linear.cpp */ = {isa = PBXFileReference; fileEncoding = 4; lastKnownFileType = sourcecode.cpp.cpp; name = bcast_linear.cpp; path = ../src/bcast_linear.cpp; sourceTree = "<group>"; };
		758C02EE202A0A5000D8DFA8 /* collective.cpp */ = {isa = PBXFileReference; fileEncoding = 4; lastKnownFileType = sourcecode.cpp.cpp; name = collective.cpp; path = ../src/collective.cpp; sourceTree = "<group>"; };
		758C02EF202A0A5000D8DFA8 /* communicator.cpp */ = {isa = PBXFileReference; fileEncoding = 4; lastKnownFileType = sourcecode.cpp.cpp; name = communicator.cpp; path = ../src/communicator.cpp; sourceTree = "<group>"; };
		758C02F0202A0A5000D8DFA8 /* gather_binomial.cpp */ = {isa = PBXFileReference; fileEncoding = 4; lastKnownFileType = sourcecode.cpp.cpp; name = gather_binomial.cpp; path = ../src/gather_binomial.cpp; sourceTree = "<group>"; };
		758C02F1202A0A5000D8DFA8 /* gatherv_binomial.cpp */ = {isa = PBXFileReference; fileEncoding = 4; lastKnownFileType = sourcecode.cpp.cpp; name = gatherv_binomial.cpp; path = ../src/gatherv_binomial.cpp; sourceTree = "<group>"; };
		758C02F2202A0A5000D8DFA8 /* Makefile.am */ = {isa = PBXFileReference; fileEncoding = 4; lastKnownFileType = text; name = Makefile.am; path = ../src/Makefile.am; sourceTree = "<group>"; };
		758C02F3202A0A5000D8DFA8 /* mapping.cpp */ = {isa = PBXFileReference; fileEncoding = 4; lastKnownFileType = sourcecode.cpp.cpp; name = mapping.cpp; path = ../src/mapping.cpp; sourceTree = "<group>"; };
		758C02F4202A0A5000D8DFA8 /* process.cpp */ = {isa = PBXFileReference; fileEncoding = 4; lastKnownFileType = sourcecode.cpp.cpp; name = process.cpp; path = ../src/process.cpp; sourceTree = "<group>"; };
		758C02F5202A0A5000D8DFA8 /* scatter_binomial.cpp */ = {isa = PBXFileReference; fileEncoding = 4; lastKnownFileType = sourcecode.cpp.cpp; name = scatter_binomial.cpp; path = ../src/scatter_binomial.cpp; sourceTree = "<group>"; };
		758C02F6202A0A5000D8DFA8 /* taulop_concurrent.cpp */ = {isa = PBXFileReference; fileEncoding = 4; lastKnownFileType = sourcecode.cpp.cpp; name = taulop_concurrent.cpp; path = ../src/taulop_concurrent.cpp; sourceTree = "<group>"; };
		758C02F7202A0A5000D8DFA8 /* taulop_cost.cpp */ = {isa = PBXFileReference; fileEncoding = 4; lastKnownFileType = sourcecode.cpp.cpp; name = taulop_cost.cpp; path = ../src/taulop_cost.cpp; sourceTree = "<group>"; };
		758C02F8202A0A5000D8DFA8 /* taulop_operator.cpp */ = {isa = PBXFileReference; fileEncoding = 4; lastKnownFileType = sourcecode.cpp.cpp; name = taulop_operator.cpp; path = ../src/taulop_operator.cpp; sourceTree = "<group>"; };
		758C02F9202A0A5000D8DFA8 /* taulop_params_channel.cpp */ = {isa = PBXFileReference; fileEncoding = 4; lastKnownFileType = sourcecode.cpp.cpp; name = taulop_params_channel.cpp; path = ../src/taulop_params_channel.cpp; sourceTree = "<group>"; };
		758C02FA202A0A5000D8DFA8 /* taulop_params.cpp */ = {isa = PBXFileReference; fileEncoding = 4; lastKnownFileType = sourcecode.cpp.cpp; name = taulop_params.cpp; path = ../src/taulop_params.cpp; sourceTree = "<group>"; };
		758C02FB202A0A5000D8DFA8 /* taulop_sequence.cpp */ = {isa = PBXFileReference; fileEncoding = 4; lastKnownFileType = sourcecode.cpp.cpp; name = taulop_sequence.cpp; path = ../src/taulop_sequence.cpp; sourceTree = "<group>"; };
		758C02FC202A0A5000D8DFA8 /* transmission.cpp */ = {isa = PBXFileReference; fileEncoding = 4; lastKnownFileType = sourcecode.cpp.cpp; name = transmission.cpp; path = ../src/transmission.cpp; sourceTree = "<group>"; };
		758C0310202A0A6000D8DFA8 /* allgather_rda.hpp */ = {isa = PBXFileReference; fileEncoding = 4; lastKnownFileType = sourcecode.cpp.h; name = allgather_rda.hpp; path = ../include/allgather_rda.hpp; sourceTree = "<group>"; };
		758C0311202A0A6000D8DFA8 /* allgather_ring.hpp */ = {isa = PBXFileReference; fileEncoding = 4; lastKnownFileType = sourcecode.cpp.h; name = allgather_ring.hpp; path = ../include/allgather_ring.hpp; sourceTree = "<group>"; };
		758C0312202A0A6000D8DFA8 /* bcast_binomial_openmpi.hpp */ = {isa = PBXFileReference; fileEncoding = 4; lastKnownFileType = sourcecode.cpp.h; name = bcast_binomial_openmpi.hpp; path = ../include/bcast_binomial_openmpi.hpp; sourceTree = "<group>"; };
		758C0313202A0A6000D8DFA8 /* bcast_binomial.hpp */ = {isa = PBXFileReference; fileEncoding = 4; lastKnownFileType = sourcecode.cpp.h; name = bcast_binomial.hpp; path = ../include/bcast_binomial.hpp; sourceTree = "<group>"; };
		758C0314202A0A6000D8DFA8 /* bcast_linear.hpp */ = {isa = PBXFileReference; fileEncoding = 4; lastKnownFileType = sourcecode.cpp.h; name = bcast_linear.hpp; path = ../include/bcast_linear.hpp; sourceTree = "<group>"; };
		758C0315202A0A6000D8DFA8 /* collective.hpp */ = {isa = PBXFileReference; fileEncoding = 4; lastKnownFileType = sourcecode.cpp.h; name = collective.hpp; path = ../include/collective.hpp; sourceTree = "<group>"; };
		758C0316202A0A6000D8DFA8 /* communicator.hpp */ = {isa = PBXFileReference; fileEncoding = 4; lastKnownFileType = sourcecode.cpp.h; name = communicator.hpp; path = ../include/communicator.hpp; sourceTree = "<group>"; };
		758C0317202A0A6000D8DFA8 /* config.h */ = {isa = PBXFileReference; fileEncoding = 4; lastKnownFileType = sourcecode.c.h; name = config.h; path = ../include/config.h; sourceTree = "<group>"; };
		758C0318202A0A6000D8DFA8 /* gather_binomial.hpp */ = {isa = PBXFileReference; fileEncoding = 4; lastKnownFileType = sourcecode.cpp.h; name = gather_binomial.hpp; path = ../include/gather_binomial.hpp; sourceTree = "<group>"; };
		758C0319202A0A6000D8DFA8 /* gatherv_binomial.hpp */ = {isa = PBXFileReference; fileEncoding = 4; lastKnownFileType = sourcecode.cpp.h; name = gatherv_binomial.hpp; path = ../include/gatherv_binomial.hpp; sourceTree = "<group>"; };
		758C031A202A0A6000D8DFA8 /* ilist.h */ = {isa = PBXFileReference; fileEncoding = 4; lastKnownFileType = sourcecode.c.h; name = ilist.h; path = ../include/ilist.h; sourceTree = "<group>"; };
		758C031B202A0A6000D8DFA8 /* Makefile.am */ = {isa = PBXFileReference; fileEncoding = 4; lastKnownFileType = text; name = Makefile.am; path = ../include/Makefile.am; sourceTree = "<group>"; };
		758C031C202A0A6000D8DFA8 /* mapping.hpp */ = {isa = PBXFileReference; fileEncoding = 4; lastKnownFileType = sourcecode.cpp.h; name = mapping.hpp; path = ../include/mapping.hpp; sourceTree = "<group>"; };
		758C031D202A0A6000D8DFA8 /* process.hpp */ = {isa = PBXFileReference; fileEncoding = 4; lastKnownFileType = sourcecode.cpp.h; name = process.hpp; path = ../include/process.hpp; sourceTree = "<group>"; };
		758C031E202A0A6000D8DFA8 /* scatter_binomial.hpp */ = {isa = PBXFileReference; fileEncoding = 4; lastKnownFileType = sourcecode.cpp.h; name = scatter_binomial.hpp; path = ../include/scatter_binomial.hpp; sourceTree = "<group>"; };
		758C031F202A0A6000D8DFA8 /* taulop_concurrent.hpp */ = {isa = PBXFileReference; fileEncoding = 4; lastKnownFileType = sourcecode.cpp.h; name = taulop_concurrent.hpp; path = ../include/taulop_concurrent.hpp; sourceTree = "<group>"; };
		758C0320202A0A6000D8DFA8 /* taulop_config.h */ = {isa = PBXFileReference; fileEncoding = 4; lastKnownFileType = sourcecode.c.h; name = taulop_config.h; path = ../include/taulop_config.h; sourceTree = "<group>"; };
		758C0321202A0A6000D8DFA8 /* taulop_cost.hpp */ = {isa = PBXFileReference; fileEncoding = 4; lastKnownFileType = sourcecode.cpp.h; name = taulop_cost.hpp; path = ../include/taulop_cost.hpp; sourceTree = "<group>"; };
		758C0322202A0A6000D8DFA8 /* taulop_kernel.hpp */ = {isa = PBXFileReference; fileEncoding = 4; lastKnownFileType = sourcecode.cpp.h; name = taulop_kernel.hpp; path = ../include/taulop_kernel.hpp; sourceTree = "<group>"; };
		758C0323202A0A6000D8DFA8 /* taulop_operator.hpp */ = {isa = PBXFileReference; fileEncoding = 4; lastKnownFileType = sourcecode.cpp.h; name = taulop_operator.hpp; path = ../include/taulop_operator.hpp; sourceTree = "<group>"; };
		758C0324202A0A6000D8DFA8 /* taulop_params_channel.hpp */ = {isa = PBXFileReference; fileEncoding = 4; lastKnownFileType = sourcecode.cpp.h; name = taulop_params_channel.hpp; path = ../include/taulop_params_channel.hpp; sourceTree = "<group>"; };
		758C0325202A0A6000D8DFA8 /* taulop_params.hpp */ = {isa = PBXFileReference; fileEncoding = 4; lastKnownFileType = sourcecode.cpp.h; name = taulop_params.hpp; path = ../include/taulop_params.hpp; sourceTree = "<group>"; };
		758C0326202A0A6000D8DFA8 /* taulop_sequence.hpp */ = {isa = PBXFileReference; fileEncoding = 4; lastKnownFileType = sourcecode.cpp.h; name = taulop_sequence.hpp; path = ../include/taulop_sequence.hpp; sourceTree = "<group>"; };
		758C0327202A0A6000D8DFA8 /* transmission.hpp */ = {isa = PBXFileReference; fileEncoding = 4; lastKnownFileType = sourcecode.cpp.h; name = transmission.hpp; path = ../include/transmission.hpp; sourceTree = "<group>"; };
		758C033F202A22AD00D8DFA8 /* ChangeLog */ = {isa = PBXFileReference; fileEncoding = 4; lastKnownFileType = text; name = ChangeLog; path = ../ChangeLog; sourceTree = "<group>"; };
		758C0340202A22AD00D8DFA8 /* configure.ac */ = {isa = PBXFileReference; fileEncoding = 4; lastKnownFileType = text; name = configure.ac; path = ../configure.ac; sourceTree = "<group>"; };
		758C0341202A22AD00D8DFA8 /* INSTALL */ = {isa = PBXFileReference; fileEncoding = 4; lastKnownFileType = text; name = INSTALL; path = ../INSTALL; sourceTree = "<group>"; };
		758C0342202A22AD00D8DFA8 /* Makefile.am */ = {isa = PBXFileReference; fileEncoding = 4; lastKnownFileType = text; name = Makefile.am; path = ../Makefile.am; sourceTree = "<group>"; };
		758C0343202A22AD00D8DFA8 /* NEWS */ = {isa = PBXFileReference; fileEncoding = 4; lastKnownFileType = text; name = NEWS; path = ../NEWS; sourceTree = "<group>"; };
		758C0344202A22AD00D8DFA8 /* README */ = {isa = PBXFileReference; fileEncoding = 4; lastKnownFileType = text; name = README; path = ../README; sourceTree = "<group>"; };
/* End PBXFileReference section */

/* Begin PBXFrameworksBuildPhase section */
		758C02DF202A0A3C00D8DFA8 /* Frameworks */ = {
			isa = PBXFrameworksBuildPhase;
			buildActionMask = 2147483647;
			files = (
			);
			runOnlyForDeploymentPostprocessing = 0;
		};
/* End PBXFrameworksBuildPhase section */

/* Begin PBXGroup section */
		758C02D9202A0A3C00D8DFA8 = {
			isa = PBXGroup;
			children = (
				758C02E9202A0A5000D8DFA8 /* allgather_rda.cpp */,
				758C0310202A0A6000D8DFA8 /* allgather_rda.hpp */,
				758C02EA202A0A5000D8DFA8 /* allgather_ring.cpp */,
				758C0311202A0A6000D8DFA8 /* allgather_ring.hpp */,
				758C02EB202A0A5000D8DFA8 /* bcast_binomial_openmpi.cpp */,
				758C0312202A0A6000D8DFA8 /* bcast_binomial_openmpi.hpp */,
				758C02EC202A0A5000D8DFA8 /* bcast_binomial.cpp */,
				758C0313202A0A6000D8DFA8 /* bcast_binomial.hpp */,
				758C02ED202A0A5000D8DFA8 /* bcast_linear.cpp */,
				758C0314202A0A6000D8DFA8 /* bcast_linear.hpp */,
				758C033F202A22AD00D8DFA8 /* ChangeLog */,
				758C02EE202A0A5000D8DFA8 /* collective.cpp */,
				758C0315202A0A6000D8DFA8 /* collective.hpp */,
				758C02EF202A0A5000D8DFA8 /* communicator.cpp */,
				758C0316202A0A6000D8DFA8 /* communicator.hpp */,
				758C0317202A0A6000D8DFA8 /* config.h */,
				758C0340202A22AD00D8DFA8 /* configure.ac */,
				758C02F0202A0A5000D8DFA8 /* gather_binomial.cpp */,
				758C0318202A0A6000D8DFA8 /* gather_binomial.hpp */,
				758C02F1202A0A5000D8DFA8 /* gatherv_binomial.cpp */,
				758C0319202A0A6000D8DFA8 /* gatherv_binomial.hpp */,
				758C031A202A0A6000D8DFA8 /* ilist.h */,
				758C0341202A22AD00D8DFA8 /* INSTALL */,
				758C0342202A22AD00D8DFA8 /* Makefile.am */,
				758C031B202A0A6000D8DFA8 /* Makefile.am */,
				758C02F2202A0A5000D8DFA8 /* Makefile.am */,
				758C02F3202A0A5000D8DFA8 /* mapping.cpp */,
				758C031C202A0A6000D8DFA8 /* mapping.hpp */,
				758C0343202A22AD00D8DFA8 /* NEWS */,
				758C02F4202A0A5000D8DFA8 /* process.cpp */,
				758C031D202A0A6000D8DFA8 /* process.hpp */,
				758C02E3202A0A3C00D8DFA8 /* Products */,
				758C0344202A22AD00D8DFA8 /* README */,
				758C02F5202A0A5000D8DFA8 /* scatter_binomial.cpp */,
				758C031E202A0A6000D8DFA8 /* scatter_binomial.hpp */,
				758C02F6202A0A5000D8DFA8 /* taulop_concurrent.cpp */,
				758C031F202A0A6000D8DFA8 /* taulop_concurrent.hpp */,
				758C0320202A0A6000D8DFA8 /* taulop_config.h */,
				758C02F7202A0A5000D8DFA8 /* taulop_cost.cpp */,
				758C0321202A0A6000D8DFA8 /* taulop_cost.hpp */,
				758C0322202A0A6000D8DFA8 /* taulop_kernel.hpp */,
				758C02F8202A0A5000D8DFA8 /* taulop_operator.cpp */,
				758C0323202A0A6000D8DFA8 /* taulop_operator.hpp */,
				758C02F9202A0A5000D8DFA8 /* taulop_params_channel.cpp */,
				758C0324202A0A6000D8DFA8 /* taulop_params_channel.hpp */,
				758C02FA202A0A5000D8DFA8 /* taulop_params.cpp */,
				758C0325202A0A6000D8DFA8 /* taulop_params.hpp */,
				758C02FB202A0A5000D8DFA8 /* taulop_sequence.cpp */,
				758C0326202A0A6000D8DFA8 /* taulop_sequence.hpp */,
				758C02FC202A0A5000D8DFA8 /* transmission.cpp */,
				758C0327202A0A6000D8DFA8 /* transmission.hpp */,
			);
			sourceTree = "<group>";
		};
		758C02E3202A0A3C00D8DFA8 /* Products */ = {
			isa = PBXGroup;
			children = (
				758C02E2202A0A3C00D8DFA8 /* libtaulop.a */,
			);
			name = Products;
			sourceTree = "<group>";
		};
/* End PBXGroup section */

/* Begin PBXHeadersBuildPhase section */
		758C02E0202A0A3C00D8DFA8 /* Headers */ = {
			isa = PBXHeadersBuildPhase;
			buildActionMask = 2147483647;
			files = (
				758C032D202A0A6000D8DFA8 /* collective.hpp in Headers */,
				758C0331202A0A6000D8DFA8 /* gatherv_binomial.hpp in Headers */,
				758C032C202A0A6000D8DFA8 /* bcast_linear.hpp in Headers */,
				758C033B202A0A6000D8DFA8 /* taulop_params_channel.hpp in Headers */,
				758C0332202A0A6000D8DFA8 /* ilist.h in Headers */,
				758C0334202A0A6000D8DFA8 /* process.hpp in Headers */,
				758C0328202A0A6000D8DFA8 /* allgather_rda.hpp in Headers */,
				758C0339202A0A6000D8DFA8 /* taulop_kernel.hpp in Headers */,
				758C0330202A0A6000D8DFA8 /* gather_binomial.hpp in Headers */,
				758C033A202A0A6000D8DFA8 /* taulop_operator.hpp in Headers */,
				758C033D202A0A6000D8DFA8 /* taulop_sequence.hpp in Headers */,
				758C0338202A0A6000D8DFA8 /* taulop_cost.hpp in Headers */,
				758C0329202A0A6000D8DFA8 /* allgather_ring.hpp in Headers */,
				758C0336202A0A6000D8DFA8 /* taulop_concurrent.hpp in Headers */,
				758C0335202A0A6000D8DFA8 /* scatter_binomial.hpp in Headers */,
				758C032F202A0A6000D8DFA8 /* config.h in Headers */,
				758C033C202A0A6000D8DFA8 /* taulop_params.hpp in Headers */,
				758C032A202A0A6000D8DFA8 /* bcast_binomial_openmpi.hpp in Headers */,
				758C0333202A0A6000D8DFA8 /* mapping.hpp in Headers */,
				758C032B202A0A6000D8DFA8 /* bcast_binomial.hpp in Headers */,
				758C032E202A0A6000D8DFA8 /* communicator.hpp in Headers */,
				758C0337202A0A6000D8DFA8 /* taulop_config.h in Headers */,
				758C033E202A0A6000D8DFA8 /* transmission.hpp in Headers */,
			);
			runOnlyForDeploymentPostprocessing = 0;
		};
/* End PBXHeadersBuildPhase section */

/* Begin PBXNativeTarget section */
		758C02E1202A0A3C00D8DFA8 /* libtaulop */ = {
			isa = PBXNativeTarget;
			buildConfigurationList = 758C02E6202A0A3C00D8DFA8 /* Build configuration list for PBXNativeTarget "libtaulop" */;
			buildPhases = (
				758C02DE202A0A3C00D8DFA8 /* Sources */,
				758C02DF202A0A3C00D8DFA8 /* Frameworks */,
				758C02E0202A0A3C00D8DFA8 /* Headers */,
			);
			buildRules = (
			);
			dependencies = (
			);
			name = libtaulop;
			productName = libtaulop;
			productReference = 758C02E2202A0A3C00D8DFA8 /* libtaulop.a */;
			productType = "com.apple.product-type.library.static";
		};
/* End PBXNativeTarget section */

/* Begin PBXProject section */
		758C02DA202A0A3C00D8DFA8 /* Project object */ = {
			isa = PBXProject;
			attributes = {
				LastUpgradeCheck = 0820;
				ORGANIZATIONNAME = "University of Extremadura";
				TargetAttributes = {
					758C02E1202A0A3C00D8DFA8 = {
						CreatedOnToolsVersion = 8.2.1;
						DevelopmentTeam = F37FLQKPBR;
						ProvisioningStyle = Automatic;
					};
				};
			};
			buildConfigurationList = 758C02DD202A0A3C00D8DFA8 /* Build configuration list for PBXProject "libtaulop" */;
			compatibilityVersion = "Xcode 3.2";
			developmentRegion = English;
			hasScannedForEncodings = 0;
			knownRegions = (
				en,
			);
			mainGroup = 758C02D9202A0A3C00D8DFA8;
			productRefGroup = 758C02E3202A0A3C00D8DFA8 /* Products */;
			projectDirPath = "";
			projectRoot = "";
			targets = (
				758C02E1202A0A3C00D8DFA8 /* libtaulop */,
			);
		};
/* End PBXProject section */

/* Begin PBXSourcesBuildPhase section */
		758C02DE202A0A3C00D8DFA8 /* Sources */ = {
			isa = PBXSourcesBuildPhase;
			buildActionMask = 2147483647;
			files = (
				758C0309202A0A5100D8DFA8 /* taulop_concurrent.cpp in Sources */,
				758C030F202A0A5100D8DFA8 /* transmission.cpp in Sources */,
				758C0301202A0A5000D8DFA8 /* bcast_linear.cpp in Sources */,
				758C030D202A0A5100D8DFA8 /* taulop_params.cpp in Sources */,
				758C0304202A0A5100D8DFA8 /* gather_binomial.cpp in Sources */,
				758C02FE202A0A5000D8DFA8 /* allgather_ring.cpp in Sources */,
				758C0303202A0A5000D8DFA8 /* communicator.cpp in Sources */,
				758C0306202A0A5100D8DFA8 /* mapping.cpp in Sources */,
				758C030E202A0A5100D8DFA8 /* taulop_sequence.cpp in Sources */,
				758C030B202A0A5100D8DFA8 /* taulop_operator.cpp in Sources */,
				758C0307202A0A5100D8DFA8 /* process.cpp in Sources */,
				758C02FF202A0A5000D8DFA8 /* bcast_binomial_openmpi.cpp in Sources */,
				758C0300202A0A5000D8DFA8 /* bcast_binomial.cpp in Sources */,
				758C030C202A0A5100D8DFA8 /* taulop_params_channel.cpp in Sources */,
				758C02FD202A0A5000D8DFA8 /* allgather_rda.cpp in Sources */,
				758C0308202A0A5100D8DFA8 /* scatter_binomial.cpp in Sources */,
				758C0302202A0A5000D8DFA8 /* collective.cpp in Sources */,
				758C0305202A0A5100D8DFA8 /* gatherv_binomial.cpp in Sources */,
				758C030A202A0A5100D8DFA8 /* taulop_cost.cpp in Sources */,
			);
			runOnlyForDeploymentPostprocessing = 0;
		};
/* End PBXSourcesBuildPhase section */

/* Begin XCBuildConfiguration section */
		758C02E4202A0A3C00D8DFA8 /* Debug */ = {
			isa = XCBuildConfiguration;
			buildSettings = {
				ALWAYS_SEARCH_USER_PATHS = NO;
				CLANG_ANALYZER_NONNULL = YES;
				CLANG_CXX_LANGUAGE_STANDARD = "gnu++0x";
				CLANG_CXX_LIBRARY = "libc++";
				CLANG_ENABLE_MODULES = YES;
				CLANG_ENABLE_OBJC_ARC = YES;
				CLANG_WARN_BOOL_CONVERSION = YES;
				CLANG_WARN_CONSTANT_CONVERSION = YES;
				CLANG_WARN_DIRECT_OBJC_ISA_USAGE = YES_ERROR;
				CLANG_WARN_DOCUMENTATION_COMMENTS = YES;
				CLANG_WARN_EMPTY_BODY = YES;
				CLANG_WARN_ENUM_CONVERSION = YES;
				CLANG_WARN_INFINITE_RECURSION = YES;
				CLANG_WARN_INT_CONVERSION = YES;
				CLANG_WARN_OBJC_ROOT_CLASS = YES_ERROR;
				CLANG_WARN_SUSPICIOUS_MOVE = YES;
				CLANG_WARN_UNREACHABLE_CODE = YES;
				CLANG_WARN__DUPLICATE_METHOD_MATCH = YES;
				CODE_SIGN_IDENTITY = "-";
				COPY_PHASE_STRIP = NO;
				DEBUG_INFORMATION_FORMAT = dwarf;
				ENABLE_STRICT_OBJC_MSGSEND = YES;
				ENABLE_TESTABILITY = YES;
				GCC_C_LANGUAGE_STANDARD = gnu99;
				GCC_DYNAMIC_NO_PIC = NO;
				GCC_NO_COMMON_BLOCKS = YES;
				GCC_OPTIMIZATION_LEVEL = 0;
				GCC_PREPROCESSOR_DEFINITIONS = (
					"DEBUG=1",
					"$(inherited)",
				);
				GCC_WARN_64_TO_32_BIT_CONVERSION = YES;
				GCC_WARN_ABOUT_RETURN_TYPE = YES_ERROR;
				GCC_WARN_UNDECLARED_SELECTOR = YES;
				GCC_WARN_UNINITIALIZED_AUTOS = YES_AGGRESSIVE;
				GCC_WARN_UNUSED_FUNCTION = YES;
				GCC_WARN_UNUSED_VARIABLE = YES;
				"LD_MAP_FILE_PATH[arch=*]" = "";
				MACOSX_DEPLOYMENT_TARGET = 10.11;
				MTL_ENABLE_DEBUG_INFO = YES;
				ONLY_ACTIVE_ARCH = YES;
				SDKROOT = macosx;
			};
			name = Debug;
		};
		758C02E5202A0A3C00D8DFA8 /* Release */ = {
			isa = XCBuildConfiguration;
			buildSettings = {
				ALWAYS_SEARCH_USER_PATHS = NO;
				CLANG_ANALYZER_NONNULL = YES;
				CLANG_CXX_LANGUAGE_STANDARD = "gnu++0x";
				CLANG_CXX_LIBRARY = "libc++";
				CLANG_ENABLE_MODULES = YES;
				CLANG_ENABLE_OBJC_ARC = YES;
				CLANG_WARN_BOOL_CONVERSION = YES;
				CLANG_WARN_CONSTANT_CONVERSION = YES;
				CLANG_WARN_DIRECT_OBJC_ISA_USAGE = YES_ERROR;
				CLANG_WARN_DOCUMENTATION_COMMENTS = YES;
				CLANG_WARN_EMPTY_BODY = YES;
				CLANG_WARN_ENUM_CONVERSION = YES;
				CLANG_WARN_INFINITE_RECURSION = YES;
				CLANG_WARN_INT_CONVERSION = YES;
				CLANG_WARN_OBJC_ROOT_CLASS = YES_ERROR;
				CLANG_WARN_SUSPICIOUS_MOVE = YES;
				CLANG_WARN_UNREACHABLE_CODE = YES;
				CLANG_WARN__DUPLICATE_METHOD_MATCH = YES;
				CODE_SIGN_IDENTITY = "-";
				COPY_PHASE_STRIP = NO;
				DEBUG_INFORMATION_FORMAT = "dwarf-with-dsym";
				ENABLE_NS_ASSERTIONS = NO;
				ENABLE_STRICT_OBJC_MSGSEND = YES;
				GCC_C_LANGUAGE_STANDARD = gnu99;
				GCC_NO_COMMON_BLOCKS = YES;
				GCC_WARN_64_TO_32_BIT_CONVERSION = YES;
				GCC_WARN_ABOUT_RETURN_TYPE = YES_ERROR;
				GCC_WARN_UNDECLARED_SELECTOR = YES;
				GCC_WARN_UNINITIALIZED_AUTOS = YES_AGGRESSIVE;
				GCC_WARN_UNUSED_FUNCTION = YES;
				GCC_WARN_UNUSED_VARIABLE = YES;
				MACOSX_DEPLOYMENT_TARGET = 10.11;
				MTL_ENABLE_DEBUG_INFO = NO;
				SDKROOT = macosx;
			};
			name = Release;
		};
		758C02E7202A0A3C00D8DFA8 /* Debug */ = {
			isa = XCBuildConfiguration;
			buildSettings = {
				DEVELOPMENT_TEAM = F37FLQKPBR;
				EXECUTABLE_PREFIX = lib;
				PRODUCT_NAME = taulop;
			};
			name = Debug;
		};
		758C02E8202A0A3C00D8DFA8 /* Release */ = {
			isa = XCBuildConfiguration;
			buildSettings = {
				DEVELOPMENT_TEAM = F37FLQKPBR;
				EXECUTABLE_PREFIX = lib;
				PRODUCT_NAME = taulop;
			};
			name = Release;
		};
/* End XCBuildConfiguration section */

/* Begin XCConfigurationList section */
		758C02DD202A0A3C00D8DFA8 /* Build configuration list for PBXProject "libtaulop" */ = {
			isa = XCConfigurationList;
			buildConfigurations = (
				758C02E4202A0A3C00D8DFA8 /* Debug */,
				758C02E5202A0A3C00D8DFA8 /* Release */,
			);
			defaultConfigurationIsVisible = 0;
			defaultConfigurationName = Release;
		};
		758C02E6202A0A3C00D8DFA8 /* Build configuration list for PBXNativeTarget "libtaulop" */ = {
			isa = XCConfigurationList;
			buildConfigurations = (
				758C02E7202A0A3C00D8DFA8 /* Debug */,
				758C02E8202A0A3C00D8DFA8 /* Release */,
			);
			defaultConfigurationIsVisible = 0;
		};
/* End XCConfigurationList section */
	};
	rootObject = 758C02DA202A0A3C00D8DFA8 /* Project object */;
}
