// !$*UTF8*$!
{
	archiveVersion = 1;
	classes = {
	};
	objectVersion = 46;
	objects = {

/* Begin PBXBuildFile section */
		752498A21EAC90F40042BE2E /* gatherv_binomial.cpp in Sources */ = {isa = PBXBuildFile; fileRef = 752498A01EAC90F40042BE2E /* gatherv_binomial.cpp */; };
		752498A31EAC90F40042BE2E /* gatherv_binomial.hpp in Headers */ = {isa = PBXBuildFile; fileRef = 752498A11EAC90F40042BE2E /* gatherv_binomial.hpp */; };
		7544FAEE1F177CD6005A0379 /* bcast_binomial_openmpi.cpp in Sources */ = {isa = PBXBuildFile; fileRef = 7544FAEC1F177CD6005A0379 /* bcast_binomial_openmpi.cpp */; };
		7544FAEF1F177CD6005A0379 /* bcast_binomial_openmpi.hpp in Headers */ = {isa = PBXBuildFile; fileRef = 7544FAED1F177CD6005A0379 /* bcast_binomial_openmpi.hpp */; };
		75625ADA1EA9DF0A0082BA6E /* scatter_binomial.cpp in Sources */ = {isa = PBXBuildFile; fileRef = 75625AD81EA9DF0A0082BA6E /* scatter_binomial.cpp */; };
		75625ADB1EA9DF0A0082BA6E /* scatter_binomial.hpp in Headers */ = {isa = PBXBuildFile; fileRef = 75625AD91EA9DF0A0082BA6E /* scatter_binomial.hpp */; };
		758319D51EB8A398006C3A86 /* bcast_linear.cpp in Sources */ = {isa = PBXBuildFile; fileRef = 758319D31EB8A398006C3A86 /* bcast_linear.cpp */; };
		758319D61EB8A399006C3A86 /* bcast_linear.hpp in Headers */ = {isa = PBXBuildFile; fileRef = 758319D41EB8A398006C3A86 /* bcast_linear.hpp */; };
		7584F0A01EA9054C0042679B /* gather_binomial.cpp in Sources */ = {isa = PBXBuildFile; fileRef = 7584F09E1EA9054C0042679B /* gather_binomial.cpp */; };
		7584F0A11EA9054C0042679B /* gather_binomial.hpp in Headers */ = {isa = PBXBuildFile; fileRef = 7584F09F1EA9054C0042679B /* gather_binomial.hpp */; };
		75FA746F1DDDBFBC00F33635 /* bcast_binomial.cpp in Sources */ = {isa = PBXBuildFile; fileRef = 75FA74691DDDBFBC00F33635 /* bcast_binomial.cpp */; };
		75FA74701DDDBFBC00F33635 /* bcast_binomial.hpp in Headers */ = {isa = PBXBuildFile; fileRef = 75FA746A1DDDBFBC00F33635 /* bcast_binomial.hpp */; };
		75FA74711DDDBFBC00F33635 /* collective.cpp in Sources */ = {isa = PBXBuildFile; fileRef = 75FA746B1DDDBFBC00F33635 /* collective.cpp */; };
		75FA74721DDDBFBC00F33635 /* collective.hpp in Headers */ = {isa = PBXBuildFile; fileRef = 75FA746C1DDDBFBC00F33635 /* collective.hpp */; };
		75FA74731DDDBFBC00F33635 /* communicator.cpp in Sources */ = {isa = PBXBuildFile; fileRef = 75FA746D1DDDBFBC00F33635 /* communicator.cpp */; };
		75FA74741DDDBFBC00F33635 /* communicator.hpp in Headers */ = {isa = PBXBuildFile; fileRef = 75FA746E1DDDBFBC00F33635 /* communicator.hpp */; };
		75FA748B1DDDC59E00F33635 /* transmission.cpp in Sources */ = {isa = PBXBuildFile; fileRef = 75FA74751DDDC59E00F33635 /* transmission.cpp */; };
		75FA748C1DDDC59E00F33635 /* transmission.hpp in Headers */ = {isa = PBXBuildFile; fileRef = 75FA74761DDDC59E00F33635 /* transmission.hpp */; };
		75FA748D1DDDC59E00F33635 /* config.h in Headers */ = {isa = PBXBuildFile; fileRef = 75FA74771DDDC59E00F33635 /* config.h */; };
		75FA74901DDDC59E00F33635 /* ilist.h in Headers */ = {isa = PBXBuildFile; fileRef = 75FA747A1DDDC59E00F33635 /* ilist.h */; };
		75FA74921DDDC59E00F33635 /* process.cpp in Sources */ = {isa = PBXBuildFile; fileRef = 75FA747C1DDDC59E00F33635 /* process.cpp */; };
		75FA74931DDDC59E00F33635 /* process.hpp in Headers */ = {isa = PBXBuildFile; fileRef = 75FA747D1DDDC59E00F33635 /* process.hpp */; };
		75FA74941DDDC59E00F33635 /* taulop_concurrent.cpp in Sources */ = {isa = PBXBuildFile; fileRef = 75FA747F1DDDC59E00F33635 /* taulop_concurrent.cpp */; };
		75FA74951DDDC59E00F33635 /* taulop_concurrent.hpp in Headers */ = {isa = PBXBuildFile; fileRef = 75FA74801DDDC59E00F33635 /* taulop_concurrent.hpp */; };
		75FA74961DDDC59E00F33635 /* taulop_cost.cpp in Sources */ = {isa = PBXBuildFile; fileRef = 75FA74811DDDC59E00F33635 /* taulop_cost.cpp */; };
		75FA74971DDDC59E00F33635 /* taulop_cost.hpp in Headers */ = {isa = PBXBuildFile; fileRef = 75FA74821DDDC59E00F33635 /* taulop_cost.hpp */; };
		75FA74981DDDC59E00F33635 /* taulop_operator.cpp in Sources */ = {isa = PBXBuildFile; fileRef = 75FA74831DDDC59E00F33635 /* taulop_operator.cpp */; };
		75FA74991DDDC59E00F33635 /* taulop_operator.hpp in Headers */ = {isa = PBXBuildFile; fileRef = 75FA74841DDDC59E00F33635 /* taulop_operator.hpp */; };
		75FA749A1DDDC59E00F33635 /* taulop_params_channel.cpp in Sources */ = {isa = PBXBuildFile; fileRef = 75FA74851DDDC59E00F33635 /* taulop_params_channel.cpp */; };
		75FA749B1DDDC59E00F33635 /* taulop_params_channel.hpp in Headers */ = {isa = PBXBuildFile; fileRef = 75FA74861DDDC59E00F33635 /* taulop_params_channel.hpp */; };
		75FA749C1DDDC59E00F33635 /* taulop_params.cpp in Sources */ = {isa = PBXBuildFile; fileRef = 75FA74871DDDC59E00F33635 /* taulop_params.cpp */; };
		75FA749D1DDDC59E00F33635 /* taulop_params.hpp in Headers */ = {isa = PBXBuildFile; fileRef = 75FA74881DDDC59E00F33635 /* taulop_params.hpp */; };
		75FA749E1DDDC59E00F33635 /* taulop_sequence.cpp in Sources */ = {isa = PBXBuildFile; fileRef = 75FA74891DDDC59E00F33635 /* taulop_sequence.cpp */; };
		75FA749F1DDDC59E00F33635 /* taulop_sequence.hpp in Headers */ = {isa = PBXBuildFile; fileRef = 75FA748A1DDDC59E00F33635 /* taulop_sequence.hpp */; };
		75FA74A21DDDC5DA00F33635 /* allgather_rda.cpp in Sources */ = {isa = PBXBuildFile; fileRef = 75FA74A01DDDC5DA00F33635 /* allgather_rda.cpp */; };
		75FA74A31DDDC5DA00F33635 /* allgather_rda.hpp in Headers */ = {isa = PBXBuildFile; fileRef = 75FA74A11DDDC5DA00F33635 /* allgather_rda.hpp */; };
		75FA74A61DDDC7A200F33635 /* allgather_ring.cpp in Sources */ = {isa = PBXBuildFile; fileRef = 75FA74A41DDDC7A200F33635 /* allgather_ring.cpp */; };
		75FA74A71DDDC7A200F33635 /* allgather_ring.hpp in Headers */ = {isa = PBXBuildFile; fileRef = 75FA74A51DDDC7A200F33635 /* allgather_ring.hpp */; };
		75FA74AA1DDDE4C900F33635 /* mapping.cpp in Sources */ = {isa = PBXBuildFile; fileRef = 75FA74A81DDDE4C900F33635 /* mapping.cpp */; };
		75FA74AB1DDDE4C900F33635 /* mapping.hpp in Headers */ = {isa = PBXBuildFile; fileRef = 75FA74A91DDDE4C900F33635 /* mapping.hpp */; };
/* End PBXBuildFile section */

/* Begin PBXFileReference section */
		752498A01EAC90F40042BE2E /* gatherv_binomial.cpp */ = {isa = PBXFileReference; fileEncoding = 4; lastKnownFileType = sourcecode.cpp.cpp; name = gatherv_binomial.cpp; path = colls/gatherv_binomial.cpp; sourceTree = "<group>"; };
		752498A11EAC90F40042BE2E /* gatherv_binomial.hpp */ = {isa = PBXFileReference; fileEncoding = 4; lastKnownFileType = sourcecode.cpp.h; name = gatherv_binomial.hpp; path = colls/gatherv_binomial.hpp; sourceTree = "<group>"; };
		7544FAEC1F177CD6005A0379 /* bcast_binomial_openmpi.cpp */ = {isa = PBXFileReference; fileEncoding = 4; lastKnownFileType = sourcecode.cpp.cpp; name = bcast_binomial_openmpi.cpp; path = colls/bcast_binomial_openmpi.cpp; sourceTree = "<group>"; };
		7544FAED1F177CD6005A0379 /* bcast_binomial_openmpi.hpp */ = {isa = PBXFileReference; fileEncoding = 4; lastKnownFileType = sourcecode.cpp.h; name = bcast_binomial_openmpi.hpp; path = colls/bcast_binomial_openmpi.hpp; sourceTree = "<group>"; };
		75625AD81EA9DF0A0082BA6E /* scatter_binomial.cpp */ = {isa = PBXFileReference; fileEncoding = 4; lastKnownFileType = sourcecode.cpp.cpp; name = scatter_binomial.cpp; path = colls/scatter_binomial.cpp; sourceTree = "<group>"; };
		75625AD91EA9DF0A0082BA6E /* scatter_binomial.hpp */ = {isa = PBXFileReference; fileEncoding = 4; lastKnownFileType = sourcecode.cpp.h; name = scatter_binomial.hpp; path = colls/scatter_binomial.hpp; sourceTree = "<group>"; };
		758319D31EB8A398006C3A86 /* bcast_linear.cpp */ = {isa = PBXFileReference; fileEncoding = 4; lastKnownFileType = sourcecode.cpp.cpp; name = bcast_linear.cpp; path = colls/bcast_linear.cpp; sourceTree = "<group>"; };
		758319D41EB8A398006C3A86 /* bcast_linear.hpp */ = {isa = PBXFileReference; fileEncoding = 4; lastKnownFileType = sourcecode.cpp.h; name = bcast_linear.hpp; path = colls/bcast_linear.hpp; sourceTree = "<group>"; };
		75831A1A1EBC8B57006C3A86 /* taulop_kernel.hpp */ = {isa = PBXFileReference; lastKnownFileType = sourcecode.cpp.h; name = taulop_kernel.hpp; path = kernel/taulop_kernel.hpp; sourceTree = "<group>"; };
		7584F09E1EA9054C0042679B /* gather_binomial.cpp */ = {isa = PBXFileReference; fileEncoding = 4; lastKnownFileType = sourcecode.cpp.cpp; name = gather_binomial.cpp; path = colls/gather_binomial.cpp; sourceTree = "<group>"; };
		7584F09F1EA9054C0042679B /* gather_binomial.hpp */ = {isa = PBXFileReference; fileEncoding = 4; lastKnownFileType = sourcecode.cpp.h; name = gather_binomial.hpp; path = colls/gather_binomial.hpp; sourceTree = "<group>"; };
		75E6D6081DDB864F0057A699 /* libtaulop.a */ = {isa = PBXFileReference; explicitFileType = archive.ar; includeInIndex = 0; path = libtaulop.a; sourceTree = BUILT_PRODUCTS_DIR; };
		75FA74691DDDBFBC00F33635 /* bcast_binomial.cpp */ = {isa = PBXFileReference; fileEncoding = 4; lastKnownFileType = sourcecode.cpp.cpp; name = bcast_binomial.cpp; path = colls/bcast_binomial.cpp; sourceTree = "<group>"; };
		75FA746A1DDDBFBC00F33635 /* bcast_binomial.hpp */ = {isa = PBXFileReference; fileEncoding = 4; lastKnownFileType = sourcecode.cpp.h; name = bcast_binomial.hpp; path = colls/bcast_binomial.hpp; sourceTree = "<group>"; };
		75FA746B1DDDBFBC00F33635 /* collective.cpp */ = {isa = PBXFileReference; fileEncoding = 4; lastKnownFileType = sourcecode.cpp.cpp; name = collective.cpp; path = colls/collective.cpp; sourceTree = "<group>"; };
		75FA746C1DDDBFBC00F33635 /* collective.hpp */ = {isa = PBXFileReference; fileEncoding = 4; lastKnownFileType = sourcecode.cpp.h; name = collective.hpp; path = colls/collective.hpp; sourceTree = "<group>"; };
		75FA746D1DDDBFBC00F33635 /* communicator.cpp */ = {isa = PBXFileReference; fileEncoding = 4; lastKnownFileType = sourcecode.cpp.cpp; name = communicator.cpp; path = colls/communicator.cpp; sourceTree = "<group>"; };
		75FA746E1DDDBFBC00F33635 /* communicator.hpp */ = {isa = PBXFileReference; fileEncoding = 4; lastKnownFileType = sourcecode.cpp.h; name = communicator.hpp; path = colls/communicator.hpp; sourceTree = "<group>"; };
		75FA74751DDDC59E00F33635 /* transmission.cpp */ = {isa = PBXFileReference; fileEncoding = 4; lastKnownFileType = sourcecode.cpp.cpp; name = transmission.cpp; path = kernel/transmission.cpp; sourceTree = "<group>"; };
		75FA74761DDDC59E00F33635 /* transmission.hpp */ = {isa = PBXFileReference; fileEncoding = 4; lastKnownFileType = sourcecode.cpp.h; name = transmission.hpp; path = kernel/transmission.hpp; sourceTree = "<group>"; };
		75FA74771DDDC59E00F33635 /* config.h */ = {isa = PBXFileReference; fileEncoding = 4; lastKnownFileType = sourcecode.c.h; name = config.h; path = kernel/config.h; sourceTree = "<group>"; };
		75FA747A1DDDC59E00F33635 /* ilist.h */ = {isa = PBXFileReference; fileEncoding = 4; lastKnownFileType = sourcecode.c.h; name = ilist.h; path = kernel/ilist.h; sourceTree = "<group>"; };
		75FA747C1DDDC59E00F33635 /* process.cpp */ = {isa = PBXFileReference; fileEncoding = 4; lastKnownFileType = sourcecode.cpp.cpp; name = process.cpp; path = kernel/process.cpp; sourceTree = "<group>"; };
		75FA747D1DDDC59E00F33635 /* process.hpp */ = {isa = PBXFileReference; fileEncoding = 4; lastKnownFileType = sourcecode.cpp.h; name = process.hpp; path = kernel/process.hpp; sourceTree = "<group>"; };
		75FA747E1DDDC59E00F33635 /* Readme.txt */ = {isa = PBXFileReference; fileEncoding = 4; lastKnownFileType = text; name = Readme.txt; path = kernel/Readme.txt; sourceTree = "<group>"; };
		75FA747F1DDDC59E00F33635 /* taulop_concurrent.cpp */ = {isa = PBXFileReference; fileEncoding = 4; lastKnownFileType = sourcecode.cpp.cpp; name = taulop_concurrent.cpp; path = kernel/taulop_concurrent.cpp; sourceTree = "<group>"; };
		75FA74801DDDC59E00F33635 /* taulop_concurrent.hpp */ = {isa = PBXFileReference; fileEncoding = 4; lastKnownFileType = sourcecode.cpp.h; name = taulop_concurrent.hpp; path = kernel/taulop_concurrent.hpp; sourceTree = "<group>"; };
		75FA74811DDDC59E00F33635 /* taulop_cost.cpp */ = {isa = PBXFileReference; fileEncoding = 4; lastKnownFileType = sourcecode.cpp.cpp; name = taulop_cost.cpp; path = kernel/taulop_cost.cpp; sourceTree = "<group>"; };
		75FA74821DDDC59E00F33635 /* taulop_cost.hpp */ = {isa = PBXFileReference; fileEncoding = 4; lastKnownFileType = sourcecode.cpp.h; name = taulop_cost.hpp; path = kernel/taulop_cost.hpp; sourceTree = "<group>"; };
		75FA74831DDDC59E00F33635 /* taulop_operator.cpp */ = {isa = PBXFileReference; fileEncoding = 4; lastKnownFileType = sourcecode.cpp.cpp; name = taulop_operator.cpp; path = kernel/taulop_operator.cpp; sourceTree = "<group>"; };
		75FA74841DDDC59E00F33635 /* taulop_operator.hpp */ = {isa = PBXFileReference; fileEncoding = 4; lastKnownFileType = sourcecode.cpp.h; name = taulop_operator.hpp; path = kernel/taulop_operator.hpp; sourceTree = "<group>"; };
		75FA74851DDDC59E00F33635 /* taulop_params_channel.cpp */ = {isa = PBXFileReference; fileEncoding = 4; lastKnownFileType = sourcecode.cpp.cpp; name = taulop_params_channel.cpp; path = kernel/taulop_params_channel.cpp; sourceTree = "<group>"; };
		75FA74861DDDC59E00F33635 /* taulop_params_channel.hpp */ = {isa = PBXFileReference; fileEncoding = 4; lastKnownFileType = sourcecode.cpp.h; name = taulop_params_channel.hpp; path = kernel/taulop_params_channel.hpp; sourceTree = "<group>"; };
		75FA74871DDDC59E00F33635 /* taulop_params.cpp */ = {isa = PBXFileReference; fileEncoding = 4; lastKnownFileType = sourcecode.cpp.cpp; name = taulop_params.cpp; path = kernel/taulop_params.cpp; sourceTree = "<group>"; };
		75FA74881DDDC59E00F33635 /* taulop_params.hpp */ = {isa = PBXFileReference; fileEncoding = 4; lastKnownFileType = sourcecode.cpp.h; name = taulop_params.hpp; path = kernel/taulop_params.hpp; sourceTree = "<group>"; };
		75FA74891DDDC59E00F33635 /* taulop_sequence.cpp */ = {isa = PBXFileReference; fileEncoding = 4; lastKnownFileType = sourcecode.cpp.cpp; name = taulop_sequence.cpp; path = kernel/taulop_sequence.cpp; sourceTree = "<group>"; };
		75FA748A1DDDC59E00F33635 /* taulop_sequence.hpp */ = {isa = PBXFileReference; fileEncoding = 4; lastKnownFileType = sourcecode.cpp.h; name = taulop_sequence.hpp; path = kernel/taulop_sequence.hpp; sourceTree = "<group>"; };
		75FA74A01DDDC5DA00F33635 /* allgather_rda.cpp */ = {isa = PBXFileReference; fileEncoding = 4; lastKnownFileType = sourcecode.cpp.cpp; name = allgather_rda.cpp; path = colls/allgather_rda.cpp; sourceTree = "<group>"; };
		75FA74A11DDDC5DA00F33635 /* allgather_rda.hpp */ = {isa = PBXFileReference; fileEncoding = 4; lastKnownFileType = sourcecode.cpp.h; name = allgather_rda.hpp; path = colls/allgather_rda.hpp; sourceTree = "<group>"; };
		75FA74A41DDDC7A200F33635 /* allgather_ring.cpp */ = {isa = PBXFileReference; fileEncoding = 4; lastKnownFileType = sourcecode.cpp.cpp; name = allgather_ring.cpp; path = colls/allgather_ring.cpp; sourceTree = "<group>"; };
		75FA74A51DDDC7A200F33635 /* allgather_ring.hpp */ = {isa = PBXFileReference; fileEncoding = 4; lastKnownFileType = sourcecode.cpp.h; name = allgather_ring.hpp; path = colls/allgather_ring.hpp; sourceTree = "<group>"; };
		75FA74A81DDDE4C900F33635 /* mapping.cpp */ = {isa = PBXFileReference; fileEncoding = 4; lastKnownFileType = sourcecode.cpp.cpp; name = mapping.cpp; path = colls/mapping.cpp; sourceTree = "<group>"; };
		75FA74A91DDDE4C900F33635 /* mapping.hpp */ = {isa = PBXFileReference; fileEncoding = 4; lastKnownFileType = sourcecode.cpp.h; name = mapping.hpp; path = colls/mapping.hpp; sourceTree = "<group>"; };
/* End PBXFileReference section */

/* Begin PBXFrameworksBuildPhase section */
		75E6D6051DDB864F0057A699 /* Frameworks */ = {
			isa = PBXFrameworksBuildPhase;
			buildActionMask = 2147483647;
			files = (
			);
			runOnlyForDeploymentPostprocessing = 0;
		};
/* End PBXFrameworksBuildPhase section */

/* Begin PBXGroup section */
		75E6D5FF1DDB864F0057A699 = {
			isa = PBXGroup;
			children = (
				75FA74A01DDDC5DA00F33635 /* allgather_rda.cpp */,
				75FA74A11DDDC5DA00F33635 /* allgather_rda.hpp */,
				75FA74A41DDDC7A200F33635 /* allgather_ring.cpp */,
				75FA74A51DDDC7A200F33635 /* allgather_ring.hpp */,
				7544FAEC1F177CD6005A0379 /* bcast_binomial_openmpi.cpp */,
				7544FAED1F177CD6005A0379 /* bcast_binomial_openmpi.hpp */,
				75FA74691DDDBFBC00F33635 /* bcast_binomial.cpp */,
				75FA746A1DDDBFBC00F33635 /* bcast_binomial.hpp */,
				758319D31EB8A398006C3A86 /* bcast_linear.cpp */,
				758319D41EB8A398006C3A86 /* bcast_linear.hpp */,
				75FA746B1DDDBFBC00F33635 /* collective.cpp */,
				75FA746C1DDDBFBC00F33635 /* collective.hpp */,
				75FA746D1DDDBFBC00F33635 /* communicator.cpp */,
				75FA746E1DDDBFBC00F33635 /* communicator.hpp */,
				75FA74771DDDC59E00F33635 /* config.h */,
				7584F09E1EA9054C0042679B /* gather_binomial.cpp */,
				7584F09F1EA9054C0042679B /* gather_binomial.hpp */,
				752498A01EAC90F40042BE2E /* gatherv_binomial.cpp */,
				752498A11EAC90F40042BE2E /* gatherv_binomial.hpp */,
				75FA747A1DDDC59E00F33635 /* ilist.h */,
				75FA74A81DDDE4C900F33635 /* mapping.cpp */,
				75FA74A91DDDE4C900F33635 /* mapping.hpp */,
				75FA747C1DDDC59E00F33635 /* process.cpp */,
				75FA747D1DDDC59E00F33635 /* process.hpp */,
				75E6D6091DDB864F0057A699 /* Products */,
				75FA747E1DDDC59E00F33635 /* Readme.txt */,
				75625AD81EA9DF0A0082BA6E /* scatter_binomial.cpp */,
				75625AD91EA9DF0A0082BA6E /* scatter_binomial.hpp */,
				75FA747F1DDDC59E00F33635 /* taulop_concurrent.cpp */,
				75FA74801DDDC59E00F33635 /* taulop_concurrent.hpp */,
				75FA74811DDDC59E00F33635 /* taulop_cost.cpp */,
				75FA74821DDDC59E00F33635 /* taulop_cost.hpp */,
				75831A1A1EBC8B57006C3A86 /* taulop_kernel.hpp */,
				75FA74831DDDC59E00F33635 /* taulop_operator.cpp */,
				75FA74841DDDC59E00F33635 /* taulop_operator.hpp */,
				75FA74851DDDC59E00F33635 /* taulop_params_channel.cpp */,
				75FA74861DDDC59E00F33635 /* taulop_params_channel.hpp */,
				75FA74871DDDC59E00F33635 /* taulop_params.cpp */,
				75FA74881DDDC59E00F33635 /* taulop_params.hpp */,
				75FA74891DDDC59E00F33635 /* taulop_sequence.cpp */,
				75FA748A1DDDC59E00F33635 /* taulop_sequence.hpp */,
				75FA74751DDDC59E00F33635 /* transmission.cpp */,
				75FA74761DDDC59E00F33635 /* transmission.hpp */,
			);
			sourceTree = "<group>";
		};
		75E6D6091DDB864F0057A699 /* Products */ = {
			isa = PBXGroup;
			children = (
				75E6D6081DDB864F0057A699 /* libtaulop.a */,
			);
			name = Products;
			sourceTree = "<group>";
		};
/* End PBXGroup section */

/* Begin PBXHeadersBuildPhase section */
		75E6D6061DDB864F0057A699 /* Headers */ = {
			isa = PBXHeadersBuildPhase;
			buildActionMask = 2147483647;
			files = (
				75FA74931DDDC59E00F33635 /* process.hpp in Headers */,
				752498A31EAC90F40042BE2E /* gatherv_binomial.hpp in Headers */,
				75FA74701DDDBFBC00F33635 /* bcast_binomial.hpp in Headers */,
				75FA749F1DDDC59E00F33635 /* taulop_sequence.hpp in Headers */,
				75FA749D1DDDC59E00F33635 /* taulop_params.hpp in Headers */,
				75FA74951DDDC59E00F33635 /* taulop_concurrent.hpp in Headers */,
				75FA74721DDDBFBC00F33635 /* collective.hpp in Headers */,
				75FA748C1DDDC59E00F33635 /* transmission.hpp in Headers */,
				75FA74971DDDC59E00F33635 /* taulop_cost.hpp in Headers */,
				7544FAEF1F177CD6005A0379 /* bcast_binomial_openmpi.hpp in Headers */,
				75FA74901DDDC59E00F33635 /* ilist.h in Headers */,
				75FA74A31DDDC5DA00F33635 /* allgather_rda.hpp in Headers */,
				75FA74A71DDDC7A200F33635 /* allgather_ring.hpp in Headers */,
				7584F0A11EA9054C0042679B /* gather_binomial.hpp in Headers */,
				75625ADB1EA9DF0A0082BA6E /* scatter_binomial.hpp in Headers */,
				75FA74741DDDBFBC00F33635 /* communicator.hpp in Headers */,
				758319D61EB8A399006C3A86 /* bcast_linear.hpp in Headers */,
				75FA74AB1DDDE4C900F33635 /* mapping.hpp in Headers */,
				75FA748D1DDDC59E00F33635 /* config.h in Headers */,
				75FA74991DDDC59E00F33635 /* taulop_operator.hpp in Headers */,
				75FA749B1DDDC59E00F33635 /* taulop_params_channel.hpp in Headers */,
			);
			runOnlyForDeploymentPostprocessing = 0;
		};
/* End PBXHeadersBuildPhase section */

/* Begin PBXNativeTarget section */
		75E6D6071DDB864F0057A699 /* taulop */ = {
			isa = PBXNativeTarget;
			buildConfigurationList = 75E6D60C1DDB864F0057A699 /* Build configuration list for PBXNativeTarget "taulop" */;
			buildPhases = (
				75E6D6041DDB864F0057A699 /* Sources */,
				75E6D6051DDB864F0057A699 /* Frameworks */,
				75E6D6061DDB864F0057A699 /* Headers */,
			);
			buildRules = (
			);
			dependencies = (
			);
			name = taulop;
			productName = taulop;
			productReference = 75E6D6081DDB864F0057A699 /* libtaulop.a */;
			productType = "com.apple.product-type.library.static";
		};
/* End PBXNativeTarget section */

/* Begin PBXProject section */
		75E6D6001DDB864F0057A699 /* Project object */ = {
			isa = PBXProject;
			attributes = {
				LastUpgradeCheck = 0830;
				ORGANIZATIONNAME = "University of Extremadura";
				TargetAttributes = {
					75E6D6071DDB864F0057A699 = {
						CreatedOnToolsVersion = 8.1;
						DevelopmentTeam = F37FLQKPBR;
						ProvisioningStyle = Automatic;
					};
				};
			};
			buildConfigurationList = 75E6D6031DDB864F0057A699 /* Build configuration list for PBXProject "taulop" */;
			compatibilityVersion = "Xcode 3.2";
			developmentRegion = English;
			hasScannedForEncodings = 0;
			knownRegions = (
				en,
			);
			mainGroup = 75E6D5FF1DDB864F0057A699;
			productRefGroup = 75E6D6091DDB864F0057A699 /* Products */;
			projectDirPath = "";
			projectRoot = "";
			targets = (
				75E6D6071DDB864F0057A699 /* taulop */,
			);
		};
/* End PBXProject section */

/* Begin PBXSourcesBuildPhase section */
		75E6D6041DDB864F0057A699 /* Sources */ = {
			isa = PBXSourcesBuildPhase;
			buildActionMask = 2147483647;
			files = (
				75FA74731DDDBFBC00F33635 /* communicator.cpp in Sources */,
				75FA749A1DDDC59E00F33635 /* taulop_params_channel.cpp in Sources */,
				75FA748B1DDDC59E00F33635 /* transmission.cpp in Sources */,
				75FA74921DDDC59E00F33635 /* process.cpp in Sources */,
				75FA74711DDDBFBC00F33635 /* collective.cpp in Sources */,
				75FA749C1DDDC59E00F33635 /* taulop_params.cpp in Sources */,
				75FA74941DDDC59E00F33635 /* taulop_concurrent.cpp in Sources */,
				75FA74AA1DDDE4C900F33635 /* mapping.cpp in Sources */,
				752498A21EAC90F40042BE2E /* gatherv_binomial.cpp in Sources */,
				75FA74A61DDDC7A200F33635 /* allgather_ring.cpp in Sources */,
				7584F0A01EA9054C0042679B /* gather_binomial.cpp in Sources */,
				75FA74981DDDC59E00F33635 /* taulop_operator.cpp in Sources */,
				7544FAEE1F177CD6005A0379 /* bcast_binomial_openmpi.cpp in Sources */,
				758319D51EB8A398006C3A86 /* bcast_linear.cpp in Sources */,
				75625ADA1EA9DF0A0082BA6E /* scatter_binomial.cpp in Sources */,
				75FA746F1DDDBFBC00F33635 /* bcast_binomial.cpp in Sources */,
				75FA749E1DDDC59E00F33635 /* taulop_sequence.cpp in Sources */,
				75FA74A21DDDC5DA00F33635 /* allgather_rda.cpp in Sources */,
				75FA74961DDDC59E00F33635 /* taulop_cost.cpp in Sources */,
			);
			runOnlyForDeploymentPostprocessing = 0;
		};
/* End PBXSourcesBuildPhase section */

/* Begin XCBuildConfiguration section */
		75E6D60A1DDB864F0057A699 /* Debug */ = {
			isa = XCBuildConfiguration;
			buildSettings = {
				ALWAYS_SEARCH_USER_PATHS = NO;
				CLANG_ANALYZER_NONNULL = YES;
				CLANG_CXX_LANGUAGE_STANDARD = "gnu++0x";
				CLANG_CXX_LIBRARY = "libc++";
				CLANG_ENABLE_MODULES = YES;
				CLANG_ENABLE_OBJC_ARC = YES;
				CLANG_WARN_BOOL_CONVERSION = YES;
				CLANG_WARN_CONSTANT_CONVERSION = YES;
				CLANG_WARN_DIRECT_OBJC_ISA_USAGE = YES_ERROR;
				CLANG_WARN_DOCUMENTATION_COMMENTS = YES;
				CLANG_WARN_EMPTY_BODY = YES;
				CLANG_WARN_ENUM_CONVERSION = YES;
				CLANG_WARN_INFINITE_RECURSION = YES;
				CLANG_WARN_INT_CONVERSION = YES;
				CLANG_WARN_OBJC_ROOT_CLASS = YES_ERROR;
				CLANG_WARN_SUSPICIOUS_MOVE = YES;
				CLANG_WARN_SUSPICIOUS_MOVES = YES;
				CLANG_WARN_UNREACHABLE_CODE = YES;
				CLANG_WARN__DUPLICATE_METHOD_MATCH = YES;
				CODE_SIGN_IDENTITY = "-";
				COPY_PHASE_STRIP = NO;
				DEBUG_INFORMATION_FORMAT = dwarf;
				ENABLE_STRICT_OBJC_MSGSEND = YES;
				ENABLE_TESTABILITY = YES;
				GCC_C_LANGUAGE_STANDARD = gnu99;
				GCC_DYNAMIC_NO_PIC = NO;
				GCC_NO_COMMON_BLOCKS = YES;
				GCC_OPTIMIZATION_LEVEL = 0;
				GCC_PREPROCESSOR_DEFINITIONS = (
					"DEBUG=1",
					"$(inherited)",
				);
				GCC_WARN_64_TO_32_BIT_CONVERSION = YES;
				GCC_WARN_ABOUT_RETURN_TYPE = YES_ERROR;
				GCC_WARN_UNDECLARED_SELECTOR = YES;
				GCC_WARN_UNINITIALIZED_AUTOS = YES_AGGRESSIVE;
				GCC_WARN_UNUSED_FUNCTION = YES;
				GCC_WARN_UNUSED_VARIABLE = YES;
				MACOSX_DEPLOYMENT_TARGET = 10.11;
				MTL_ENABLE_DEBUG_INFO = YES;
				ONLY_ACTIVE_ARCH = YES;
				SDKROOT = macosx;
			};
			name = Debug;
		};
		75E6D60B1DDB864F0057A699 /* Release */ = {
			isa = XCBuildConfiguration;
			buildSettings = {
				ALWAYS_SEARCH_USER_PATHS = NO;
				CLANG_ANALYZER_NONNULL = YES;
				CLANG_CXX_LANGUAGE_STANDARD = "gnu++0x";
				CLANG_CXX_LIBRARY = "libc++";
				CLANG_ENABLE_MODULES = YES;
				CLANG_ENABLE_OBJC_ARC = YES;
				CLANG_WARN_BOOL_CONVERSION = YES;
				CLANG_WARN_CONSTANT_CONVERSION = YES;
				CLANG_WARN_DIRECT_OBJC_ISA_USAGE = YES_ERROR;
				CLANG_WARN_DOCUMENTATION_COMMENTS = YES;
				CLANG_WARN_EMPTY_BODY = YES;
				CLANG_WARN_ENUM_CONVERSION = YES;
				CLANG_WARN_INFINITE_RECURSION = YES;
				CLANG_WARN_INT_CONVERSION = YES;
				CLANG_WARN_OBJC_ROOT_CLASS = YES_ERROR;
				CLANG_WARN_SUSPICIOUS_MOVE = YES;
				CLANG_WARN_SUSPICIOUS_MOVES = YES;
				CLANG_WARN_UNREACHABLE_CODE = YES;
				CLANG_WARN__DUPLICATE_METHOD_MATCH = YES;
				CODE_SIGN_IDENTITY = "-";
				COPY_PHASE_STRIP = NO;
				DEBUG_INFORMATION_FORMAT = "dwarf-with-dsym";
				ENABLE_NS_ASSERTIONS = NO;
				ENABLE_STRICT_OBJC_MSGSEND = YES;
				GCC_C_LANGUAGE_STANDARD = gnu99;
				GCC_NO_COMMON_BLOCKS = YES;
				GCC_WARN_64_TO_32_BIT_CONVERSION = YES;
				GCC_WARN_ABOUT_RETURN_TYPE = YES_ERROR;
				GCC_WARN_UNDECLARED_SELECTOR = YES;
				GCC_WARN_UNINITIALIZED_AUTOS = YES_AGGRESSIVE;
				GCC_WARN_UNUSED_FUNCTION = YES;
				GCC_WARN_UNUSED_VARIABLE = YES;
				MACOSX_DEPLOYMENT_TARGET = 10.11;
				MTL_ENABLE_DEBUG_INFO = NO;
				SDKROOT = macosx;
			};
			name = Release;
		};
		75E6D60D1DDB864F0057A699 /* Debug */ = {
			isa = XCBuildConfiguration;
			buildSettings = {
				DEVELOPMENT_TEAM = F37FLQKPBR;
				EXECUTABLE_PREFIX = lib;
				INSTALL_PATH = /Users/jarico/packages/taulop;
				PRODUCT_NAME = "$(TARGET_NAME)";
				SYMROOT = build;
			};
			name = Debug;
		};
		75E6D60E1DDB864F0057A699 /* Release */ = {
			isa = XCBuildConfiguration;
			buildSettings = {
				DEVELOPMENT_TEAM = F37FLQKPBR;
				EXECUTABLE_PREFIX = lib;
				INSTALL_PATH = /Users/jarico/packages/taulop;
				PRODUCT_NAME = "$(TARGET_NAME)";
			};
			name = Release;
		};
/* End XCBuildConfiguration section */

/* Begin XCConfigurationList section */
		75E6D6031DDB864F0057A699 /* Build configuration list for PBXProject "taulop" */ = {
			isa = XCConfigurationList;
			buildConfigurations = (
				75E6D60A1DDB864F0057A699 /* Debug */,
				75E6D60B1DDB864F0057A699 /* Release */,
			);
			defaultConfigurationIsVisible = 0;
			defaultConfigurationName = Release;
		};
		75E6D60C1DDB864F0057A699 /* Build configuration list for PBXNativeTarget "taulop" */ = {
			isa = XCConfigurationList;
			buildConfigurations = (
				75E6D60D1DDB864F0057A699 /* Debug */,
				75E6D60E1DDB864F0057A699 /* Release */,
			);
			defaultConfigurationIsVisible = 0;
			defaultConfigurationName = Release;
		};
/* End XCConfigurationList section */
	};
	rootObject = 75E6D6001DDB864F0057A699 /* Project object */;
}
